
Microsoft Visual Studio Solution File, Format Version 12.00
# Visual Studio Version 17
VisualStudioVersion = 17.1.32407.343
MinimumVisualStudioVersion = 10.0.40219.1
Project("{9A19103F-16F7-4668-BE54-9A1E7A4F7556}") = "C3", "C3\C3.csproj", "{E944E8F7-590C-4D16-95F8-C5FE8D8239B8}"
EndProject
Project("{9A19103F-16F7-4668-BE54-9A1E7A4F7556}") = "C5", "C5\C5.csproj", "{6FAF643D-848B-4A71-8B4F-4C865FDB07D7}"
EndProject
Project("{9A19103F-16F7-4668-BE54-9A1E7A4F7556}") = "C6", "C6\C6.csproj", "{68347E17-095D-4074-8DA9-3E9B120BD05B}"
EndProject
Project("{9A19103F-16F7-4668-BE54-9A1E7A4F7556}") = "C6_21_可选参数", "C6_21_可选参数\C6_21_可选参数.csproj", "{B9EC39FD-CACD-4C25-A4AB-D817F1C4A06D}"
EndProject
Project("{9A19103F-16F7-4668-BE54-9A1E7A4F7556}") = "C_6_21_栈帧", "C_6_21_栈帧\C_6_21_栈帧.csproj", "{E9B9F034-1BB7-40FD-B13E-0DB024653FFF}"
EndProject
Project("{9A19103F-16F7-4668-BE54-9A1E7A4F7556}") = "C_7_10_属性", "C_7_10_属性\C_7_10_属性.csproj", "{1D600B0D-A42C-463A-9E51-9B930E16D5D8}"
EndProject
Project("{9A19103F-16F7-4668-BE54-9A1E7A4F7556}") = "C_7_10_属性1", "C_7_10_属性1\C_7_10_属性1.csproj", "{7F85C90D-DC5E-4128-B526-2BEBA52684F2}"
EndProject
Project("{9A19103F-16F7-4668-BE54-9A1E7A4F7556}") = "C_7_10_属性2", "C_7_10_属性2\C_7_10_属性2.csproj", "{4A2A5719-2FAA-4C6E-9174-15AA3B55C189}"
EndProject
Project("{9A19103F-16F7-4668-BE54-9A1E7A4F7556}") = "C_7_10_属性3", "C_7_10_属性3\C_7_10_属性3.csproj", "{D475792D-C725-4150-8D5F-D9F3FD8828D5}"
EndProject
Project("{9A19103F-16F7-4668-BE54-9A1E7A4F7556}") = "C_7_11_构造函数", "C_7_11_构造函数\C_7_11_构造函数.csproj", "{73B1B286-3D76-4E19-8ACE-AAA438B27136}"
EndProject
Project("{9A19103F-16F7-4668-BE54-9A1E7A4F7556}") = "C_7_12_静态构造函数", "C_7_12_静态构造函数\C_7_12_静态构造函数.csproj", "{70C42CA7-918C-49C4-BE5A-32B00576E104}"
EndProject
Project("{9A19103F-16F7-4668-BE54-9A1E7A4F7556}") = "C_7_13", "C_7_13\C_7_13.csproj", "{4981D628-BF87-43E6-A43C-2309D2BB158B}"
EndProject
Project("{9A19103F-16F7-4668-BE54-9A1E7A4F7556}") = "C_7_16_this", "C_7_16_this\C_7_16_this.csproj", "{C06BC2E2-E72C-4C08-9C6E-A6AB104A4E03}"
EndProject
Project("{9A19103F-16F7-4668-BE54-9A1E7A4F7556}") = "C_8_2_继承", "C_8_2_继承\C_8_2_继承.csproj", "{50B2ECBF-7DE9-4610-9A9E-8EAFF08451FE}"
EndProject
Project("{9A19103F-16F7-4668-BE54-9A1E7A4F7556}") = "C_8_4_屏蔽", "C_8_4_屏蔽\C_8_4_屏蔽.csproj", "{057F5AAF-7BF3-46BA-A534-9557E645395A}"
EndProject
Project("{9A19103F-16F7-4668-BE54-9A1E7A4F7556}") = "C_8_5_基类访问", "C_8_5_基类访问\C_8_5_基类访问.csproj", "{0D5EEDF8-D84C-4203-9E30-360D7656947D}"
EndProject
Project("{9A19103F-16F7-4668-BE54-9A1E7A4F7556}") = "C_8_11_1_抽象类", "C_8_11_1_抽象类\C_8_11_1_抽象类.csproj", "{F0CFA4E6-3906-45A3-80AA-696C17BFD5AF}"
EndProject
Project("{9A19103F-16F7-4668-BE54-9A1E7A4F7556}") = "C_8_11_2_抽象类", "C_8_11_2_抽象类\C_8_11_2_抽象类.csproj", "{947A45AC-47A8-47C6-B19D-E75C1CC47904}"
EndProject
Project("{9A19103F-16F7-4668-BE54-9A1E7A4F7556}") = "C_8_13_静态类", "C_8_13_静态类\C_8_13_静态类.csproj", "{BE7C3D07-9561-4C3F-A059-1EB97F23271C}"
EndProject
Project("{9A19103F-16F7-4668-BE54-9A1E7A4F7556}") = "C_8_14_扩展方法", "C_8_14_扩展方法\C_8_14_扩展方法.csproj", "{05136689-FC42-4972-89DB-AE1A5E67E88D}"
EndProject
Project("{9A19103F-16F7-4668-BE54-9A1E7A4F7556}") = "C_19_5_3_联结", "C_19_5_3_联结\C_19_5_3_联结.csproj", "{DDAA6627-9384-4E59-8A0E-7384B9A417D9}"
EndProject
Project("{9A19103F-16F7-4668-BE54-9A1E7A4F7556}") = "C_13_8_4_交错数组", "C_13_8_4_交错数组\C_13_8_4_交错数组.csproj", "{D74402F2-9DC5-476E-83A2-AC359A6609A7}"
EndProject
Project("{9A19103F-16F7-4668-BE54-9A1E7A4F7556}") = "C_13_10_1_foreachTest", "C_13_10_1_foreachTest\C_13_10_1_foreachTest.csproj", "{03DFA8FA-83D6-4D4F-871D-561AFA1CC239}"
EndProject
Project("{FAE04EC0-301F-11D3-BF4B-00C04F79EFBC}") = "C_12_12_数组成员", "C_12_12_数组成员\C_12_12_数组成员.csproj", "{D0CF933B-0ED2-417A-84D9-493983492F25}"
EndProject
Project("{FAE04EC0-301F-11D3-BF4B-00C04F79EFBC}") = "C_13_1_委托", "C_13_1_委托\C_13_1_委托.csproj", "{8C9BB573-4E80-4B4F-9666-48A473EB4C2D}"
EndProject
Global
	GlobalSection(SolutionConfigurationPlatforms) = preSolution
		Debug|Any CPU = Debug|Any CPU
		Release|Any CPU = Release|Any CPU
	EndGlobalSection
	GlobalSection(ProjectConfigurationPlatforms) = postSolution
		{E944E8F7-590C-4D16-95F8-C5FE8D8239B8}.Debug|Any CPU.ActiveCfg = Debug|Any CPU
		{E944E8F7-590C-4D16-95F8-C5FE8D8239B8}.Debug|Any CPU.Build.0 = Debug|Any CPU
		{E944E8F7-590C-4D16-95F8-C5FE8D8239B8}.Release|Any CPU.ActiveCfg = Release|Any CPU
		{E944E8F7-590C-4D16-95F8-C5FE8D8239B8}.Release|Any CPU.Build.0 = Release|Any CPU
		{6FAF643D-848B-4A71-8B4F-4C865FDB07D7}.Debug|Any CPU.ActiveCfg = Debug|Any CPU
		{6FAF643D-848B-4A71-8B4F-4C865FDB07D7}.Debug|Any CPU.Build.0 = Debug|Any CPU
		{6FAF643D-848B-4A71-8B4F-4C865FDB07D7}.Release|Any CPU.ActiveCfg = Release|Any CPU
		{6FAF643D-848B-4A71-8B4F-4C865FDB07D7}.Release|Any CPU.Build.0 = Release|Any CPU
		{68347E17-095D-4074-8DA9-3E9B120BD05B}.Debug|Any CPU.ActiveCfg = Debug|Any CPU
		{68347E17-095D-4074-8DA9-3E9B120BD05B}.Debug|Any CPU.Build.0 = Debug|Any CPU
		{68347E17-095D-4074-8DA9-3E9B120BD05B}.Release|Any CPU.ActiveCfg = Release|Any CPU
		{68347E17-095D-4074-8DA9-3E9B120BD05B}.Release|Any CPU.Build.0 = Release|Any CPU
		{B9EC39FD-CACD-4C25-A4AB-D817F1C4A06D}.Debug|Any CPU.ActiveCfg = Debug|Any CPU
		{B9EC39FD-CACD-4C25-A4AB-D817F1C4A06D}.Debug|Any CPU.Build.0 = Debug|Any CPU
		{B9EC39FD-CACD-4C25-A4AB-D817F1C4A06D}.Release|Any CPU.ActiveCfg = Release|Any CPU
		{B9EC39FD-CACD-4C25-A4AB-D817F1C4A06D}.Release|Any CPU.Build.0 = Release|Any CPU
		{E9B9F034-1BB7-40FD-B13E-0DB024653FFF}.Debug|Any CPU.ActiveCfg = Debug|Any CPU
		{E9B9F034-1BB7-40FD-B13E-0DB024653FFF}.Debug|Any CPU.Build.0 = Debug|Any CPU
		{E9B9F034-1BB7-40FD-B13E-0DB024653FFF}.Release|Any CPU.ActiveCfg = Release|Any CPU
		{E9B9F034-1BB7-40FD-B13E-0DB024653FFF}.Release|Any CPU.Build.0 = Release|Any CPU
		{1D600B0D-A42C-463A-9E51-9B930E16D5D8}.Debug|Any CPU.ActiveCfg = Debug|Any CPU
		{1D600B0D-A42C-463A-9E51-9B930E16D5D8}.Debug|Any CPU.Build.0 = Debug|Any CPU
		{1D600B0D-A42C-463A-9E51-9B930E16D5D8}.Release|Any CPU.ActiveCfg = Release|Any CPU
		{1D600B0D-A42C-463A-9E51-9B930E16D5D8}.Release|Any CPU.Build.0 = Release|Any CPU
		{7F85C90D-DC5E-4128-B526-2BEBA52684F2}.Debug|Any CPU.ActiveCfg = Debug|Any CPU
		{7F85C90D-DC5E-4128-B526-2BEBA52684F2}.Debug|Any CPU.Build.0 = Debug|Any CPU
		{7F85C90D-DC5E-4128-B526-2BEBA52684F2}.Release|Any CPU.ActiveCfg = Release|Any CPU
		{7F85C90D-DC5E-4128-B526-2BEBA52684F2}.Release|Any CPU.Build.0 = Release|Any CPU
		{4A2A5719-2FAA-4C6E-9174-15AA3B55C189}.Debug|Any CPU.ActiveCfg = Debug|Any CPU
		{4A2A5719-2FAA-4C6E-9174-15AA3B55C189}.Debug|Any CPU.Build.0 = Debug|Any CPU
		{4A2A5719-2FAA-4C6E-9174-15AA3B55C189}.Release|Any CPU.ActiveCfg = Release|Any CPU
		{4A2A5719-2FAA-4C6E-9174-15AA3B55C189}.Release|Any CPU.Build.0 = Release|Any CPU
		{D475792D-C725-4150-8D5F-D9F3FD8828D5}.Debug|Any CPU.ActiveCfg = Debug|Any CPU
		{D475792D-C725-4150-8D5F-D9F3FD8828D5}.Debug|Any CPU.Build.0 = Debug|Any CPU
		{D475792D-C725-4150-8D5F-D9F3FD8828D5}.Release|Any CPU.ActiveCfg = Release|Any CPU
		{D475792D-C725-4150-8D5F-D9F3FD8828D5}.Release|Any CPU.Build.0 = Release|Any CPU
		{73B1B286-3D76-4E19-8ACE-AAA438B27136}.Debug|Any CPU.ActiveCfg = Debug|Any CPU
		{73B1B286-3D76-4E19-8ACE-AAA438B27136}.Debug|Any CPU.Build.0 = Debug|Any CPU
		{73B1B286-3D76-4E19-8ACE-AAA438B27136}.Release|Any CPU.ActiveCfg = Release|Any CPU
		{73B1B286-3D76-4E19-8ACE-AAA438B27136}.Release|Any CPU.Build.0 = Release|Any CPU
		{70C42CA7-918C-49C4-BE5A-32B00576E104}.Debug|Any CPU.ActiveCfg = Debug|Any CPU
		{70C42CA7-918C-49C4-BE5A-32B00576E104}.Debug|Any CPU.Build.0 = Debug|Any CPU
		{70C42CA7-918C-49C4-BE5A-32B00576E104}.Release|Any CPU.ActiveCfg = Release|Any CPU
		{70C42CA7-918C-49C4-BE5A-32B00576E104}.Release|Any CPU.Build.0 = Release|Any CPU
		{4981D628-BF87-43E6-A43C-2309D2BB158B}.Debug|Any CPU.ActiveCfg = Debug|Any CPU
		{4981D628-BF87-43E6-A43C-2309D2BB158B}.Debug|Any CPU.Build.0 = Debug|Any CPU
		{4981D628-BF87-43E6-A43C-2309D2BB158B}.Release|Any CPU.ActiveCfg = Release|Any CPU
		{4981D628-BF87-43E6-A43C-2309D2BB158B}.Release|Any CPU.Build.0 = Release|Any CPU
		{C06BC2E2-E72C-4C08-9C6E-A6AB104A4E03}.Debug|Any CPU.ActiveCfg = Debug|Any CPU
		{C06BC2E2-E72C-4C08-9C6E-A6AB104A4E03}.Debug|Any CPU.Build.0 = Debug|Any CPU
		{C06BC2E2-E72C-4C08-9C6E-A6AB104A4E03}.Release|Any CPU.ActiveCfg = Release|Any CPU
		{C06BC2E2-E72C-4C08-9C6E-A6AB104A4E03}.Release|Any CPU.Build.0 = Release|Any CPU
		{50B2ECBF-7DE9-4610-9A9E-8EAFF08451FE}.Debug|Any CPU.ActiveCfg = Debug|Any CPU
		{50B2ECBF-7DE9-4610-9A9E-8EAFF08451FE}.Debug|Any CPU.Build.0 = Debug|Any CPU
		{50B2ECBF-7DE9-4610-9A9E-8EAFF08451FE}.Release|Any CPU.ActiveCfg = Release|Any CPU
		{50B2ECBF-7DE9-4610-9A9E-8EAFF08451FE}.Release|Any CPU.Build.0 = Release|Any CPU
		{057F5AAF-7BF3-46BA-A534-9557E645395A}.Debug|Any CPU.ActiveCfg = Debug|Any CPU
		{057F5AAF-7BF3-46BA-A534-9557E645395A}.Debug|Any CPU.Build.0 = Debug|Any CPU
		{057F5AAF-7BF3-46BA-A534-9557E645395A}.Release|Any CPU.ActiveCfg = Release|Any CPU
		{057F5AAF-7BF3-46BA-A534-9557E645395A}.Release|Any CPU.Build.0 = Release|Any CPU
		{0D5EEDF8-D84C-4203-9E30-360D7656947D}.Debug|Any CPU.ActiveCfg = Debug|Any CPU
		{0D5EEDF8-D84C-4203-9E30-360D7656947D}.Debug|Any CPU.Build.0 = Debug|Any CPU
		{0D5EEDF8-D84C-4203-9E30-360D7656947D}.Release|Any CPU.ActiveCfg = Release|Any CPU
		{0D5EEDF8-D84C-4203-9E30-360D7656947D}.Release|Any CPU.Build.0 = Release|Any CPU
		{F0CFA4E6-3906-45A3-80AA-696C17BFD5AF}.Debug|Any CPU.ActiveCfg = Debug|Any CPU
		{F0CFA4E6-3906-45A3-80AA-696C17BFD5AF}.Debug|Any CPU.Build.0 = Debug|Any CPU
		{F0CFA4E6-3906-45A3-80AA-696C17BFD5AF}.Release|Any CPU.ActiveCfg = Release|Any CPU
		{F0CFA4E6-3906-45A3-80AA-696C17BFD5AF}.Release|Any CPU.Build.0 = Release|Any CPU
		{947A45AC-47A8-47C6-B19D-E75C1CC47904}.Debug|Any CPU.ActiveCfg = Debug|Any CPU
		{947A45AC-47A8-47C6-B19D-E75C1CC47904}.Debug|Any CPU.Build.0 = Debug|Any CPU
		{947A45AC-47A8-47C6-B19D-E75C1CC47904}.Release|Any CPU.ActiveCfg = Release|Any CPU
		{947A45AC-47A8-47C6-B19D-E75C1CC47904}.Release|Any CPU.Build.0 = Release|Any CPU
		{BE7C3D07-9561-4C3F-A059-1EB97F23271C}.Debug|Any CPU.ActiveCfg = Debug|Any CPU
		{BE7C3D07-9561-4C3F-A059-1EB97F23271C}.Debug|Any CPU.Build.0 = Debug|Any CPU
		{BE7C3D07-9561-4C3F-A059-1EB97F23271C}.Release|Any CPU.ActiveCfg = Release|Any CPU
		{BE7C3D07-9561-4C3F-A059-1EB97F23271C}.Release|Any CPU.Build.0 = Release|Any CPU
		{05136689-FC42-4972-89DB-AE1A5E67E88D}.Debug|Any CPU.ActiveCfg = Debug|Any CPU
		{05136689-FC42-4972-89DB-AE1A5E67E88D}.Debug|Any CPU.Build.0 = Debug|Any CPU
		{05136689-FC42-4972-89DB-AE1A5E67E88D}.Release|Any CPU.ActiveCfg = Release|Any CPU
		{05136689-FC42-4972-89DB-AE1A5E67E88D}.Release|Any CPU.Build.0 = Release|Any CPU
		{DDAA6627-9384-4E59-8A0E-7384B9A417D9}.Debug|Any CPU.ActiveCfg = Debug|Any CPU
		{DDAA6627-9384-4E59-8A0E-7384B9A417D9}.Debug|Any CPU.Build.0 = Debug|Any CPU
		{DDAA6627-9384-4E59-8A0E-7384B9A417D9}.Release|Any CPU.ActiveCfg = Release|Any CPU
		{DDAA6627-9384-4E59-8A0E-7384B9A417D9}.Release|Any CPU.Build.0 = Release|Any CPU
		{D74402F2-9DC5-476E-83A2-AC359A6609A7}.Debug|Any CPU.ActiveCfg = Debug|Any CPU
		{D74402F2-9DC5-476E-83A2-AC359A6609A7}.Debug|Any CPU.Build.0 = Debug|Any CPU
		{D74402F2-9DC5-476E-83A2-AC359A6609A7}.Release|Any CPU.ActiveCfg = Release|Any CPU
		{D74402F2-9DC5-476E-83A2-AC359A6609A7}.Release|Any CPU.Build.0 = Release|Any CPU
		{03DFA8FA-83D6-4D4F-871D-561AFA1CC239}.Debug|Any CPU.ActiveCfg = Debug|Any CPU
		{03DFA8FA-83D6-4D4F-871D-561AFA1CC239}.Debug|Any CPU.Build.0 = Debug|Any CPU
		{03DFA8FA-83D6-4D4F-871D-561AFA1CC239}.Release|Any CPU.ActiveCfg = Release|Any CPU
		{03DFA8FA-83D6-4D4F-871D-561AFA1CC239}.Release|Any CPU.Build.0 = Release|Any CPU
		{D0CF933B-0ED2-417A-84D9-493983492F25}.Debug|Any CPU.ActiveCfg = Debug|Any CPU
		{D0CF933B-0ED2-417A-84D9-493983492F25}.Debug|Any CPU.Build.0 = Debug|Any CPU
		{D0CF933B-0ED2-417A-84D9-493983492F25}.Release|Any CPU.ActiveCfg = Release|Any CPU
		{D0CF933B-0ED2-417A-84D9-493983492F25}.Release|Any CPU.Build.0 = Release|Any CPU
		{8C9BB573-4E80-4B4F-9666-48A473EB4C2D}.Debug|Any CPU.ActiveCfg = Debug|Any CPU
		{8C9BB573-4E80-4B4F-9666-48A473EB4C2D}.Debug|Any CPU.Build.0 = Debug|Any CPU
		{8C9BB573-4E80-4B4F-9666-48A473EB4C2D}.Release|Any CPU.ActiveCfg = Release|Any CPU
		{8C9BB573-4E80-4B4F-9666-48A473EB4C2D}.Release|Any CPU.Build.0 = Release|Any CPU
	EndGlobalSection
	GlobalSection(SolutionProperties) = preSolution
		HideSolutionNode = FALSE
	EndGlobalSection
	GlobalSection(ExtensibilityGlobals) = postSolution
		SolutionGuid = {333F8C52-8873-4E97-AC8E-AFCCBE313C70}
	EndGlobalSection
EndGlobal
