
Microsoft Visual Studio Solution File, Format Version 12.00
# Visual Studio Version 17
VisualStudioVersion = 17.1.32328.378
MinimumVisualStudioVersion = 10.0.40219.1
Project("{FAE04EC0-301F-11D3-BF4B-00C04F79EFBC}") = "C_7_3", "C_7_3\C_7_3.csproj", "{014E8929-D993-4AB2-983D-E0E0EFD18393}"
EndProject
Project("{FAE04EC0-301F-11D3-BF4B-00C04F79EFBC}") = "C_7_5", "C_7_5\C_7_5.csproj", "{C6CA6C70-4EB6-4BAD-8460-F6215FC1A6BC}"
EndProject
Project("{FAE04EC0-301F-11D3-BF4B-00C04F79EFBC}") = "C_7_5_2", "C_7_5_2\C_7_5_2.csproj", "{792AB11C-0AC3-4A0F-A569-15CFBACD6549}"
EndProject
Project("{FAE04EC0-301F-11D3-BF4B-00C04F79EFBC}") = "C_7_6", "C_7_6\C_7_6.csproj", "{4AE378EF-9D2E-4EA1-AA2E-5FD4A00E5C17}"
EndProject
Project("{FAE04EC0-301F-11D3-BF4B-00C04F79EFBC}") = "C_7_9", "C_7_9\C_7_9.csproj", "{4352FAED-62FB-487C-9D64-9E4A6F3FB997}"
EndProject
Project("{FAE04EC0-301F-11D3-BF4B-00C04F79EFBC}") = "C_List", "C_List\C_List.csproj", "{484FCE54-3B89-4D6E-9756-2F592B1C00DB}"
EndProject
Project("{FAE04EC0-301F-11D3-BF4B-00C04F79EFBC}") = "C_7_17_索引器", "C_7_17_索引器\C_7_17_索引器.csproj", "{5CB547D3-1393-48C6-A93C-880A58A9E97F}"
EndProject
Project("{FAE04EC0-301F-11D3-BF4B-00C04F79EFBC}") = "C_7_17_索引器1", "C_7_17_索引器1\C_7_17_索引器1.csproj", "{2ABD068C-9607-43EF-ACDC-3BCD13E80E86}"
EndProject
Project("{FAE04EC0-301F-11D3-BF4B-00C04F79EFBC}") = "C_7_18", "C_7_18\C_7_18.csproj", "{959981A3-6733-42FF-9243-F5A3AE409330}"
EndProject
Project("{9A19103F-16F7-4668-BE54-9A1E7A4F7556}") = "C_8_4_使用基类的引用", "C_8_4_屏蔽基类成员\C_8_4_使用基类的引用.csproj", "{A0AC5763-51D9-4FA2-94F2-884707930DFB}"
EndProject
Project("{9A19103F-16F7-4668-BE54-9A1E7A4F7556}") = "C_8_6_1_虚方法和覆写方法", "C_8_6_1_虚方法和覆写方法\C_8_6_1_虚方法和覆写方法.csproj", "{BBCE9819-2204-498E-88FD-E04CB364B497}"
EndProject
Project("{9A19103F-16F7-4668-BE54-9A1E7A4F7556}") = "C_8_6_2_覆写override", "C_8_6_2_覆写override\C_8_6_2_覆写override.csproj", "{14A04C79-8601-4258-A5A0-2B4C2527B188}"
EndProject
Project("{9A19103F-16F7-4668-BE54-9A1E7A4F7556}") = "C_8_6_3_覆写属性", "C_8_6_3_覆写属性\C_8_6_3_覆写属性.csproj", "{CD0CC245-3C8D-4900-8E41-D3AE360050D6}"
EndProject
Project("{9A19103F-16F7-4668-BE54-9A1E7A4F7556}") = "C_8_7_1_构造函数初始化", "C_8_7_1_构造函数初始化\C_8_7_1_构造函数初始化.csproj", "{2F3251D8-B331-43D4-B428-D447BB641047}"
EndProject
Project("{9A19103F-16F7-4668-BE54-9A1E7A4F7556}") = "C_8_8_程序集间的继承", "C_8_8_程序集间的继承\C_8_8_程序集间的继承.csproj", "{533C5730-105C-4C93-B3DF-EA485543F6F3}"
EndProject
Project("{9A19103F-16F7-4668-BE54-9A1E7A4F7556}") = "C_8_8_程序集间的继承1", "C_8_8_程序集间的继承1\C_8_8_程序集间的继承1.csproj", "{E7C4128E-BB2F-41C5-9CEC-A8571AE94077}"
EndProject
Project("{9A19103F-16F7-4668-BE54-9A1E7A4F7556}") = "C_20_2_匿名类型", "C_20_2_匿名类型\C_20_2_匿名类型.csproj", "{4B0823D9-0746-4D3F-BDD0-CAADF6737B57}"
EndProject
Project("{9A19103F-16F7-4668-BE54-9A1E7A4F7556}") = "C_20_3_方法和查询", "C_20_3_方法和查询\C_20_3_方法和查询.csproj", "{96D3EE70-9294-422E-9588-E34F2D12596B}"
EndProject
Project("{9A19103F-16F7-4668-BE54-9A1E7A4F7556}") = "C_19_6_1_查询运算符签名", "C_19_6_1_查询运算符签名\C_19_6_1_查询运算符签名.csproj", "{39236CA3-C822-403F-8AE9-E9AD1D7843CB}"
EndProject
Project("{9A19103F-16F7-4668-BE54-9A1E7A4F7556}") = "Test", "Test\Test.csproj", "{A8E6A438-B108-4C37-A00D-C3A8E3F65E23}"
EndProject
Project("{9A19103F-16F7-4668-BE54-9A1E7A4F7556}") = "C_13_14_Ref返回和局部变量", "C_13_14_Ref返回和局部变量\C_13_14_Ref返回和局部变量.csproj", "{B449A8F7-FAC5-4329-82E6-C6E6AEE91CC0}"
EndProject
Project("{9A19103F-16F7-4668-BE54-9A1E7A4F7556}") = "C_14_10_委托", "C_14_10_委托\C_14_10_委托.csproj", "{8195B06A-792A-4687-AA47-906A8380D39F}"
EndProject
Project("{9A19103F-16F7-4668-BE54-9A1E7A4F7556}") = "C_14_11_带返回值的委托", "C_14_11_带返回值的委托\C_14_11_带返回值的委托.csproj", "{CEE70764-4496-41AD-BDEF-50E782378751}"
EndProject
Project("{9A19103F-16F7-4668-BE54-9A1E7A4F7556}") = "C_14_12_带引用参数的委托", "C_14_12_带引用参数的委托\C_14_12_带引用参数的委托.csproj", "{69DECADC-21B1-4E90-AAA0-1873306C7EC9}"
EndProject
Project("{9A19103F-16F7-4668-BE54-9A1E7A4F7556}") = "C_14_13_匿名方法", "C_14_13_匿名方法\C_14_13_匿名方法.csproj", "{D3669555-18C5-4C8F-B80C-444F70F65DC9}"
EndProject
Project("{9A19103F-16F7-4668-BE54-9A1E7A4F7556}") = "C_14_3_3_捕获变量", "C_14_3_3_捕获变量\C_14_3_3_捕获变量.csproj", "{F620E9BA-5AB5-4F13-86E8-0CA06DBAB03E}"
EndProject
Project("{9A19103F-16F7-4668-BE54-9A1E7A4F7556}") = "C_16_1_接口", "C_16_1_接口\C_16_1_接口.csproj", "{D7B76158-FB60-44AD-9B31-74431B871F87}"
EndProject
Project("{9A19103F-16F7-4668-BE54-9A1E7A4F7556}") = "C_16_1_接口1", "C_16_1_接口1\C_16_1_接口1.csproj", "{0D0AAE07-7977-46BC-8965-4853698EF5A0}"
EndProject
Project("{9A19103F-16F7-4668-BE54-9A1E7A4F7556}") = "C_16_3_接口示例", "C_16_3_接口示例\C_16_3_接口示例.csproj", "{2E04DEB3-18ED-4BC6-BAC6-D15626674BED}"
EndProject
Project("{9A19103F-16F7-4668-BE54-9A1E7A4F7556}") = "C_16_6_接口", "C_16_6_接口\C_16_6_接口.csproj", "{4E21010F-2531-45B8-883D-84F9D242DCEC}"
EndProject
Project("{9A19103F-16F7-4668-BE54-9A1E7A4F7556}") = "C_16_7_重复成员的接口", "C_16_7_重复成员的接口\C_16_7_重复成员的接口.csproj", "{881D36D1-530F-49BB-8EF7-92EE6EDBA299}"
EndProject
Project("{9A19103F-16F7-4668-BE54-9A1E7A4F7556}") = "C_16_8_多接口引用", "C_16_8_多接口引用\C_16_8_多接口引用.csproj", "{F84408BE-6C38-4665-8130-12004F1DCB94}"
EndProject
Project("{9A19103F-16F7-4668-BE54-9A1E7A4F7556}") = "C_16_9_派生成员实现接口", "C_16_9_派生成员实现接口\C_16_9_派生成员实现接口.csproj", "{604134EC-B0C0-489D-9859-C26CCF735D72}"
EndProject
Project("{9A19103F-16F7-4668-BE54-9A1E7A4F7556}") = "C_16_10_显式接口成员", "C_16_10_显式接口成员\C_16_10_显式接口成员.csproj", "{1AE4D983-5128-4B21-84D1-86C3C204DEAD}"
EndProject
Project("{9A19103F-16F7-4668-BE54-9A1E7A4F7556}") = "C_16_10_访问显式接口成员", "C_16_10_访问显式接口成员\C_16_10_访问显式接口成员.csproj", "{5521D92A-9A4E-495D-BA69-E1681A4595F7}"
EndProject
Project("{9A19103F-16F7-4668-BE54-9A1E7A4F7556}") = "C_16_11_接口继承", "C_16_11_接口继承\C_16_11_接口继承.csproj", "{E33CD8CD-D743-449D-91EF-3B29A3CF26E5}"
EndProject
Project("{9A19103F-16F7-4668-BE54-9A1E7A4F7556}") = "C_16_12_接口综合示例", "C_16_12_接口综合示例\C_16_12_接口综合示例.csproj", "{C06A3AFF-ADD1-462C-89C4-7553600179F1}"
EndProject
Project("{9A19103F-16F7-4668-BE54-9A1E7A4F7556}") = "C_17_6_1_引用转换", "C_17_6_1_引用转换\C_17_6_1_引用转换.csproj", "{A0C52D37-6112-4278-87BB-2DF6D61F4F06}"
EndProject
Project("{9A19103F-16F7-4668-BE54-9A1E7A4F7556}") = "C_17_7_1_装箱是创建副本", "C_17_7_1_装箱是创建副本\C_17_7_1_装箱是创建副本.csproj", "{1820C820-1490-48C0-8882-9A6A2C3860E0}"
EndProject
Project("{9A19103F-16F7-4668-BE54-9A1E7A4F7556}") = "C_17_8_拆箱转换", "C_17_8_拆箱转换\C_17_8_拆箱转换.csproj", "{779357C2-BD91-48D2-9056-15B58B8AA5C2}"
EndProject
Project("{9A19103F-16F7-4668-BE54-9A1E7A4F7556}") = "C_17_9_2_用户自定义转换", "C_17_9_2_用户自定义转换\C_17_9_2_用户自定义转换.csproj", "{FF66C8B4-A6BF-4513-8036-203B16D61D37}"
EndProject
Project("{9A19103F-16F7-4668-BE54-9A1E7A4F7556}") = "C_17_9_4_多步用户自定义转换", "C_17_9_4_多步用户自定义转换\C_17_9_4_多步用户自定义转换.csproj", "{D895633D-8A74-4A81-A9E7-3F5DC92F979D}"
EndProject
Project("{9A19103F-16F7-4668-BE54-9A1E7A4F7556}") = "C_17_10_is运算符", "C_17_10_is运算符\C_17_10_is运算符.csproj", "{B2AC2454-0AFF-47A4-8A3E-8DD3837BE0C7}"
EndProject
Project("{9A19103F-16F7-4668-BE54-9A1E7A4F7556}") = "C_17_11_as运算符", "C_17_11_as运算符\C_17_11_as运算符.csproj", "{C1435271-4B5C-45C2-849F-A8E079DCEFE2}"
EndProject
Project("{9A19103F-16F7-4668-BE54-9A1E7A4F7556}") = "C_19_2_IEnumerator", "C_19_2_IEnumerator\C_19_2_IEnumerator.csproj", "{70422D7E-6B99-4255-9AD5-483868DD61C4}"
EndProject
Project("{9A19103F-16F7-4668-BE54-9A1E7A4F7556}") = "C_19_3_IEnumerable", "C_19_3_IEnumerable\C_19_3_IEnumerable.csproj", "{6B33A70B-0C7E-4363-8D8B-0EFD76693650}"
EndProject
Project("{9A19103F-16F7-4668-BE54-9A1E7A4F7556}") = "C_19_5_3_迭代器创建可枚举类型", "C_19_5_3_迭代器创建可枚举类型\C_19_5_3_迭代器创建可枚举类型.csproj", "{0EED643F-A9CC-4392-9F20-B6D6D1EE5E86}"
EndProject
Project("{9A19103F-16F7-4668-BE54-9A1E7A4F7556}") = "C_19_7_多个可枚举类型", "C_19_7_多个可枚举类型\C_19_7_多个可枚举类型.csproj", "{C36D987F-74C0-4C7C-BBAB-756C7666231A}"
EndProject
Project("{9A19103F-16F7-4668-BE54-9A1E7A4F7556}") = "C_19_8_将迭代器作为属性", "C_19_8_将迭代器作为属性\C_19_8_将迭代器作为属性.csproj", "{3C0D9B5C-06C7-41A4-96A7-79FA3915E0BD}"
EndProject
Project("{9A19103F-16F7-4668-BE54-9A1E7A4F7556}") = "C_18_1_泛型_栈", "C_18_1_泛型_栈\C_18_1_泛型_栈.csproj", "{B2C7BCC8-E36A-4FF8-BDA8-1FDB62AB7E1C}"
EndProject
Project("{9A19103F-16F7-4668-BE54-9A1E7A4F7556}") = "C_18_2_泛型_栈_占位符", "C_18_2_泛型_栈_占位符\C_18_2_泛型_栈_占位符.csproj", "{464B4527-9773-4F20-9099-C318EAD3B845}"
EndProject
Project("{9A19103F-16F7-4668-BE54-9A1E7A4F7556}") = "C_18_3_4_泛型_栈", "C_18_3_4_泛型_栈\C_18_3_4_泛型_栈.csproj", "{EAADD4D0-E1FE-41FD-814A-0EBA82EF614C}"
EndProject
Project("{9A19103F-16F7-4668-BE54-9A1E7A4F7556}") = "C_18_5_泛型方法示例", "C_18_5_泛型方法示例\C_18_5_泛型方法示例.csproj", "{E958F4E1-9379-402E-BF65-4DFCBC185E83}"
EndProject
Project("{9A19103F-16F7-4668-BE54-9A1E7A4F7556}") = "C_18_6_扩展方法和泛型类", "C_18_6_扩展方法和泛型类\C_18_6_扩展方法和泛型类.csproj", "{21490C87-736C-432E-BA28-DE6DB7A65E01}"
EndProject
Project("{9A19103F-16F7-4668-BE54-9A1E7A4F7556}") = "C_12_2_1_Flags特性", "C_12_2_1_Flags特性\C_12_2_1_Flags特性.csproj", "{EC310495-116D-4992-ACB8-3F014A14037F}"
EndProject
Project("{9A19103F-16F7-4668-BE54-9A1E7A4F7556}") = "C_12_2_1_无flags示例", "C_12_2_1_无flags示例\C_12_2_1_无flags示例.csproj", "{3FCA2DB7-77AC-428F-800A-CB2D1EB87331}"
EndProject
Project("{9A19103F-16F7-4668-BE54-9A1E7A4F7556}") = "C_12_2_2_位标志示例", "C_12_2_2_位标志示例\C_12_2_2_位标志示例.csproj", "{CCBC3F00-8BB3-4874-8998-D62EF70330F0}"
EndProject
Project("{9A19103F-16F7-4668-BE54-9A1E7A4F7556}") = "C_12_3_枚举补充", "C_12_3_枚举补充\C_12_3_枚举补充.csproj", "{5592B653-4A5E-46C5-BB5C-799C5D679FEF}"
EndProject
Project("{FAE04EC0-301F-11D3-BF4B-00C04F79EFBC}") = "C_18_7_泛型结构", "C_18_7_泛型结构\C_18_7_泛型结构.csproj", "{868CB499-DC3F-4452-B678-D3ADD01027E4}"
EndProject
Project("{FAE04EC0-301F-11D3-BF4B-00C04F79EFBC}") = "C_18_8_泛型委托", "C_18_8_泛型委托\C_18_8_泛型委托.csproj", "{60A05A8B-EC6C-40D9-8649-DA1D1AE5CB8F}"
EndProject
Project("{FAE04EC0-301F-11D3-BF4B-00C04F79EFBC}") = "C_18_8_泛型委托2", "C_18_8_泛型委托2\C_18_8_泛型委托2.csproj", "{25DA6A92-8881-4A4C-8422-8CF18AA13E44}"
EndProject
Global
	GlobalSection(SolutionConfigurationPlatforms) = preSolution
		Debug|Any CPU = Debug|Any CPU
		Release|Any CPU = Release|Any CPU
	EndGlobalSection
	GlobalSection(ProjectConfigurationPlatforms) = postSolution
		{014E8929-D993-4AB2-983D-E0E0EFD18393}.Debug|Any CPU.ActiveCfg = Debug|Any CPU
		{014E8929-D993-4AB2-983D-E0E0EFD18393}.Debug|Any CPU.Build.0 = Debug|Any CPU
		{014E8929-D993-4AB2-983D-E0E0EFD18393}.Release|Any CPU.ActiveCfg = Release|Any CPU
		{014E8929-D993-4AB2-983D-E0E0EFD18393}.Release|Any CPU.Build.0 = Release|Any CPU
		{C6CA6C70-4EB6-4BAD-8460-F6215FC1A6BC}.Debug|Any CPU.ActiveCfg = Debug|Any CPU
		{C6CA6C70-4EB6-4BAD-8460-F6215FC1A6BC}.Debug|Any CPU.Build.0 = Debug|Any CPU
		{C6CA6C70-4EB6-4BAD-8460-F6215FC1A6BC}.Release|Any CPU.ActiveCfg = Release|Any CPU
		{C6CA6C70-4EB6-4BAD-8460-F6215FC1A6BC}.Release|Any CPU.Build.0 = Release|Any CPU
		{792AB11C-0AC3-4A0F-A569-15CFBACD6549}.Debug|Any CPU.ActiveCfg = Debug|Any CPU
		{792AB11C-0AC3-4A0F-A569-15CFBACD6549}.Debug|Any CPU.Build.0 = Debug|Any CPU
		{792AB11C-0AC3-4A0F-A569-15CFBACD6549}.Release|Any CPU.ActiveCfg = Release|Any CPU
		{792AB11C-0AC3-4A0F-A569-15CFBACD6549}.Release|Any CPU.Build.0 = Release|Any CPU
		{4AE378EF-9D2E-4EA1-AA2E-5FD4A00E5C17}.Debug|Any CPU.ActiveCfg = Debug|Any CPU
		{4AE378EF-9D2E-4EA1-AA2E-5FD4A00E5C17}.Debug|Any CPU.Build.0 = Debug|Any CPU
		{4AE378EF-9D2E-4EA1-AA2E-5FD4A00E5C17}.Release|Any CPU.ActiveCfg = Release|Any CPU
		{4AE378EF-9D2E-4EA1-AA2E-5FD4A00E5C17}.Release|Any CPU.Build.0 = Release|Any CPU
		{4352FAED-62FB-487C-9D64-9E4A6F3FB997}.Debug|Any CPU.ActiveCfg = Debug|Any CPU
		{4352FAED-62FB-487C-9D64-9E4A6F3FB997}.Debug|Any CPU.Build.0 = Debug|Any CPU
		{4352FAED-62FB-487C-9D64-9E4A6F3FB997}.Release|Any CPU.ActiveCfg = Release|Any CPU
		{4352FAED-62FB-487C-9D64-9E4A6F3FB997}.Release|Any CPU.Build.0 = Release|Any CPU
		{484FCE54-3B89-4D6E-9756-2F592B1C00DB}.Debug|Any CPU.ActiveCfg = Debug|Any CPU
		{484FCE54-3B89-4D6E-9756-2F592B1C00DB}.Debug|Any CPU.Build.0 = Debug|Any CPU
		{484FCE54-3B89-4D6E-9756-2F592B1C00DB}.Release|Any CPU.ActiveCfg = Release|Any CPU
		{484FCE54-3B89-4D6E-9756-2F592B1C00DB}.Release|Any CPU.Build.0 = Release|Any CPU
		{5CB547D3-1393-48C6-A93C-880A58A9E97F}.Debug|Any CPU.ActiveCfg = Debug|Any CPU
		{5CB547D3-1393-48C6-A93C-880A58A9E97F}.Debug|Any CPU.Build.0 = Debug|Any CPU
		{5CB547D3-1393-48C6-A93C-880A58A9E97F}.Release|Any CPU.ActiveCfg = Release|Any CPU
		{5CB547D3-1393-48C6-A93C-880A58A9E97F}.Release|Any CPU.Build.0 = Release|Any CPU
		{2ABD068C-9607-43EF-ACDC-3BCD13E80E86}.Debug|Any CPU.ActiveCfg = Debug|Any CPU
		{2ABD068C-9607-43EF-ACDC-3BCD13E80E86}.Debug|Any CPU.Build.0 = Debug|Any CPU
		{2ABD068C-9607-43EF-ACDC-3BCD13E80E86}.Release|Any CPU.ActiveCfg = Release|Any CPU
		{2ABD068C-9607-43EF-ACDC-3BCD13E80E86}.Release|Any CPU.Build.0 = Release|Any CPU
		{959981A3-6733-42FF-9243-F5A3AE409330}.Debug|Any CPU.ActiveCfg = Debug|Any CPU
		{959981A3-6733-42FF-9243-F5A3AE409330}.Debug|Any CPU.Build.0 = Debug|Any CPU
		{959981A3-6733-42FF-9243-F5A3AE409330}.Release|Any CPU.ActiveCfg = Release|Any CPU
		{959981A3-6733-42FF-9243-F5A3AE409330}.Release|Any CPU.Build.0 = Release|Any CPU
		{A0AC5763-51D9-4FA2-94F2-884707930DFB}.Debug|Any CPU.ActiveCfg = Debug|Any CPU
		{A0AC5763-51D9-4FA2-94F2-884707930DFB}.Debug|Any CPU.Build.0 = Debug|Any CPU
		{A0AC5763-51D9-4FA2-94F2-884707930DFB}.Release|Any CPU.ActiveCfg = Release|Any CPU
		{A0AC5763-51D9-4FA2-94F2-884707930DFB}.Release|Any CPU.Build.0 = Release|Any CPU
		{BBCE9819-2204-498E-88FD-E04CB364B497}.Debug|Any CPU.ActiveCfg = Debug|Any CPU
		{BBCE9819-2204-498E-88FD-E04CB364B497}.Debug|Any CPU.Build.0 = Debug|Any CPU
		{BBCE9819-2204-498E-88FD-E04CB364B497}.Release|Any CPU.ActiveCfg = Release|Any CPU
		{BBCE9819-2204-498E-88FD-E04CB364B497}.Release|Any CPU.Build.0 = Release|Any CPU
		{14A04C79-8601-4258-A5A0-2B4C2527B188}.Debug|Any CPU.ActiveCfg = Debug|Any CPU
		{14A04C79-8601-4258-A5A0-2B4C2527B188}.Debug|Any CPU.Build.0 = Debug|Any CPU
		{14A04C79-8601-4258-A5A0-2B4C2527B188}.Release|Any CPU.ActiveCfg = Release|Any CPU
		{14A04C79-8601-4258-A5A0-2B4C2527B188}.Release|Any CPU.Build.0 = Release|Any CPU
		{CD0CC245-3C8D-4900-8E41-D3AE360050D6}.Debug|Any CPU.ActiveCfg = Debug|Any CPU
		{CD0CC245-3C8D-4900-8E41-D3AE360050D6}.Debug|Any CPU.Build.0 = Debug|Any CPU
		{CD0CC245-3C8D-4900-8E41-D3AE360050D6}.Release|Any CPU.ActiveCfg = Release|Any CPU
		{CD0CC245-3C8D-4900-8E41-D3AE360050D6}.Release|Any CPU.Build.0 = Release|Any CPU
		{2F3251D8-B331-43D4-B428-D447BB641047}.Debug|Any CPU.ActiveCfg = Debug|Any CPU
		{2F3251D8-B331-43D4-B428-D447BB641047}.Debug|Any CPU.Build.0 = Debug|Any CPU
		{2F3251D8-B331-43D4-B428-D447BB641047}.Release|Any CPU.ActiveCfg = Release|Any CPU
		{2F3251D8-B331-43D4-B428-D447BB641047}.Release|Any CPU.Build.0 = Release|Any CPU
		{533C5730-105C-4C93-B3DF-EA485543F6F3}.Debug|Any CPU.ActiveCfg = Debug|Any CPU
		{533C5730-105C-4C93-B3DF-EA485543F6F3}.Debug|Any CPU.Build.0 = Debug|Any CPU
		{533C5730-105C-4C93-B3DF-EA485543F6F3}.Release|Any CPU.ActiveCfg = Release|Any CPU
		{533C5730-105C-4C93-B3DF-EA485543F6F3}.Release|Any CPU.Build.0 = Release|Any CPU
		{E7C4128E-BB2F-41C5-9CEC-A8571AE94077}.Debug|Any CPU.ActiveCfg = Debug|Any CPU
		{E7C4128E-BB2F-41C5-9CEC-A8571AE94077}.Debug|Any CPU.Build.0 = Debug|Any CPU
		{E7C4128E-BB2F-41C5-9CEC-A8571AE94077}.Release|Any CPU.ActiveCfg = Release|Any CPU
		{E7C4128E-BB2F-41C5-9CEC-A8571AE94077}.Release|Any CPU.Build.0 = Release|Any CPU
		{4B0823D9-0746-4D3F-BDD0-CAADF6737B57}.Debug|Any CPU.ActiveCfg = Debug|Any CPU
		{4B0823D9-0746-4D3F-BDD0-CAADF6737B57}.Debug|Any CPU.Build.0 = Debug|Any CPU
		{4B0823D9-0746-4D3F-BDD0-CAADF6737B57}.Release|Any CPU.ActiveCfg = Release|Any CPU
		{4B0823D9-0746-4D3F-BDD0-CAADF6737B57}.Release|Any CPU.Build.0 = Release|Any CPU
		{96D3EE70-9294-422E-9588-E34F2D12596B}.Debug|Any CPU.ActiveCfg = Debug|Any CPU
		{96D3EE70-9294-422E-9588-E34F2D12596B}.Debug|Any CPU.Build.0 = Debug|Any CPU
		{96D3EE70-9294-422E-9588-E34F2D12596B}.Release|Any CPU.ActiveCfg = Release|Any CPU
		{96D3EE70-9294-422E-9588-E34F2D12596B}.Release|Any CPU.Build.0 = Release|Any CPU
		{39236CA3-C822-403F-8AE9-E9AD1D7843CB}.Debug|Any CPU.ActiveCfg = Debug|Any CPU
		{39236CA3-C822-403F-8AE9-E9AD1D7843CB}.Debug|Any CPU.Build.0 = Debug|Any CPU
		{39236CA3-C822-403F-8AE9-E9AD1D7843CB}.Release|Any CPU.ActiveCfg = Release|Any CPU
		{39236CA3-C822-403F-8AE9-E9AD1D7843CB}.Release|Any CPU.Build.0 = Release|Any CPU
		{A8E6A438-B108-4C37-A00D-C3A8E3F65E23}.Debug|Any CPU.ActiveCfg = Debug|Any CPU
		{A8E6A438-B108-4C37-A00D-C3A8E3F65E23}.Debug|Any CPU.Build.0 = Debug|Any CPU
		{A8E6A438-B108-4C37-A00D-C3A8E3F65E23}.Release|Any CPU.ActiveCfg = Release|Any CPU
		{A8E6A438-B108-4C37-A00D-C3A8E3F65E23}.Release|Any CPU.Build.0 = Release|Any CPU
		{B449A8F7-FAC5-4329-82E6-C6E6AEE91CC0}.Debug|Any CPU.ActiveCfg = Debug|Any CPU
		{B449A8F7-FAC5-4329-82E6-C6E6AEE91CC0}.Debug|Any CPU.Build.0 = Debug|Any CPU
		{B449A8F7-FAC5-4329-82E6-C6E6AEE91CC0}.Release|Any CPU.ActiveCfg = Release|Any CPU
		{B449A8F7-FAC5-4329-82E6-C6E6AEE91CC0}.Release|Any CPU.Build.0 = Release|Any CPU
		{8195B06A-792A-4687-AA47-906A8380D39F}.Debug|Any CPU.ActiveCfg = Debug|Any CPU
		{8195B06A-792A-4687-AA47-906A8380D39F}.Debug|Any CPU.Build.0 = Debug|Any CPU
		{8195B06A-792A-4687-AA47-906A8380D39F}.Release|Any CPU.ActiveCfg = Release|Any CPU
		{8195B06A-792A-4687-AA47-906A8380D39F}.Release|Any CPU.Build.0 = Release|Any CPU
		{CEE70764-4496-41AD-BDEF-50E782378751}.Debug|Any CPU.ActiveCfg = Debug|Any CPU
		{CEE70764-4496-41AD-BDEF-50E782378751}.Debug|Any CPU.Build.0 = Debug|Any CPU
		{CEE70764-4496-41AD-BDEF-50E782378751}.Release|Any CPU.ActiveCfg = Release|Any CPU
		{CEE70764-4496-41AD-BDEF-50E782378751}.Release|Any CPU.Build.0 = Release|Any CPU
		{69DECADC-21B1-4E90-AAA0-1873306C7EC9}.Debug|Any CPU.ActiveCfg = Debug|Any CPU
		{69DECADC-21B1-4E90-AAA0-1873306C7EC9}.Debug|Any CPU.Build.0 = Debug|Any CPU
		{69DECADC-21B1-4E90-AAA0-1873306C7EC9}.Release|Any CPU.ActiveCfg = Release|Any CPU
		{69DECADC-21B1-4E90-AAA0-1873306C7EC9}.Release|Any CPU.Build.0 = Release|Any CPU
		{D3669555-18C5-4C8F-B80C-444F70F65DC9}.Debug|Any CPU.ActiveCfg = Debug|Any CPU
		{D3669555-18C5-4C8F-B80C-444F70F65DC9}.Debug|Any CPU.Build.0 = Debug|Any CPU
		{D3669555-18C5-4C8F-B80C-444F70F65DC9}.Release|Any CPU.ActiveCfg = Release|Any CPU
		{D3669555-18C5-4C8F-B80C-444F70F65DC9}.Release|Any CPU.Build.0 = Release|Any CPU
		{F620E9BA-5AB5-4F13-86E8-0CA06DBAB03E}.Debug|Any CPU.ActiveCfg = Debug|Any CPU
		{F620E9BA-5AB5-4F13-86E8-0CA06DBAB03E}.Debug|Any CPU.Build.0 = Debug|Any CPU
		{F620E9BA-5AB5-4F13-86E8-0CA06DBAB03E}.Release|Any CPU.ActiveCfg = Release|Any CPU
		{F620E9BA-5AB5-4F13-86E8-0CA06DBAB03E}.Release|Any CPU.Build.0 = Release|Any CPU
		{D7B76158-FB60-44AD-9B31-74431B871F87}.Debug|Any CPU.ActiveCfg = Debug|Any CPU
		{D7B76158-FB60-44AD-9B31-74431B871F87}.Debug|Any CPU.Build.0 = Debug|Any CPU
		{D7B76158-FB60-44AD-9B31-74431B871F87}.Release|Any CPU.ActiveCfg = Release|Any CPU
		{D7B76158-FB60-44AD-9B31-74431B871F87}.Release|Any CPU.Build.0 = Release|Any CPU
		{0D0AAE07-7977-46BC-8965-4853698EF5A0}.Debug|Any CPU.ActiveCfg = Debug|Any CPU
		{0D0AAE07-7977-46BC-8965-4853698EF5A0}.Debug|Any CPU.Build.0 = Debug|Any CPU
		{0D0AAE07-7977-46BC-8965-4853698EF5A0}.Release|Any CPU.ActiveCfg = Release|Any CPU
		{0D0AAE07-7977-46BC-8965-4853698EF5A0}.Release|Any CPU.Build.0 = Release|Any CPU
		{2E04DEB3-18ED-4BC6-BAC6-D15626674BED}.Debug|Any CPU.ActiveCfg = Debug|Any CPU
		{2E04DEB3-18ED-4BC6-BAC6-D15626674BED}.Debug|Any CPU.Build.0 = Debug|Any CPU
		{2E04DEB3-18ED-4BC6-BAC6-D15626674BED}.Release|Any CPU.ActiveCfg = Release|Any CPU
		{2E04DEB3-18ED-4BC6-BAC6-D15626674BED}.Release|Any CPU.Build.0 = Release|Any CPU
		{4E21010F-2531-45B8-883D-84F9D242DCEC}.Debug|Any CPU.ActiveCfg = Debug|Any CPU
		{4E21010F-2531-45B8-883D-84F9D242DCEC}.Debug|Any CPU.Build.0 = Debug|Any CPU
		{4E21010F-2531-45B8-883D-84F9D242DCEC}.Release|Any CPU.ActiveCfg = Release|Any CPU
		{4E21010F-2531-45B8-883D-84F9D242DCEC}.Release|Any CPU.Build.0 = Release|Any CPU
		{881D36D1-530F-49BB-8EF7-92EE6EDBA299}.Debug|Any CPU.ActiveCfg = Debug|Any CPU
		{881D36D1-530F-49BB-8EF7-92EE6EDBA299}.Debug|Any CPU.Build.0 = Debug|Any CPU
		{881D36D1-530F-49BB-8EF7-92EE6EDBA299}.Release|Any CPU.ActiveCfg = Release|Any CPU
		{881D36D1-530F-49BB-8EF7-92EE6EDBA299}.Release|Any CPU.Build.0 = Release|Any CPU
		{F84408BE-6C38-4665-8130-12004F1DCB94}.Debug|Any CPU.ActiveCfg = Debug|Any CPU
		{F84408BE-6C38-4665-8130-12004F1DCB94}.Debug|Any CPU.Build.0 = Debug|Any CPU
		{F84408BE-6C38-4665-8130-12004F1DCB94}.Release|Any CPU.ActiveCfg = Release|Any CPU
		{F84408BE-6C38-4665-8130-12004F1DCB94}.Release|Any CPU.Build.0 = Release|Any CPU
		{604134EC-B0C0-489D-9859-C26CCF735D72}.Debug|Any CPU.ActiveCfg = Debug|Any CPU
		{604134EC-B0C0-489D-9859-C26CCF735D72}.Debug|Any CPU.Build.0 = Debug|Any CPU
		{604134EC-B0C0-489D-9859-C26CCF735D72}.Release|Any CPU.ActiveCfg = Release|Any CPU
		{604134EC-B0C0-489D-9859-C26CCF735D72}.Release|Any CPU.Build.0 = Release|Any CPU
		{1AE4D983-5128-4B21-84D1-86C3C204DEAD}.Debug|Any CPU.ActiveCfg = Debug|Any CPU
		{1AE4D983-5128-4B21-84D1-86C3C204DEAD}.Debug|Any CPU.Build.0 = Debug|Any CPU
		{1AE4D983-5128-4B21-84D1-86C3C204DEAD}.Release|Any CPU.ActiveCfg = Release|Any CPU
		{1AE4D983-5128-4B21-84D1-86C3C204DEAD}.Release|Any CPU.Build.0 = Release|Any CPU
		{5521D92A-9A4E-495D-BA69-E1681A4595F7}.Debug|Any CPU.ActiveCfg = Debug|Any CPU
		{5521D92A-9A4E-495D-BA69-E1681A4595F7}.Debug|Any CPU.Build.0 = Debug|Any CPU
		{5521D92A-9A4E-495D-BA69-E1681A4595F7}.Release|Any CPU.ActiveCfg = Release|Any CPU
		{5521D92A-9A4E-495D-BA69-E1681A4595F7}.Release|Any CPU.Build.0 = Release|Any CPU
		{E33CD8CD-D743-449D-91EF-3B29A3CF26E5}.Debug|Any CPU.ActiveCfg = Debug|Any CPU
		{E33CD8CD-D743-449D-91EF-3B29A3CF26E5}.Debug|Any CPU.Build.0 = Debug|Any CPU
		{E33CD8CD-D743-449D-91EF-3B29A3CF26E5}.Release|Any CPU.ActiveCfg = Release|Any CPU
		{E33CD8CD-D743-449D-91EF-3B29A3CF26E5}.Release|Any CPU.Build.0 = Release|Any CPU
		{C06A3AFF-ADD1-462C-89C4-7553600179F1}.Debug|Any CPU.ActiveCfg = Debug|Any CPU
		{C06A3AFF-ADD1-462C-89C4-7553600179F1}.Debug|Any CPU.Build.0 = Debug|Any CPU
		{C06A3AFF-ADD1-462C-89C4-7553600179F1}.Release|Any CPU.ActiveCfg = Release|Any CPU
		{C06A3AFF-ADD1-462C-89C4-7553600179F1}.Release|Any CPU.Build.0 = Release|Any CPU
		{A0C52D37-6112-4278-87BB-2DF6D61F4F06}.Debug|Any CPU.ActiveCfg = Debug|Any CPU
		{A0C52D37-6112-4278-87BB-2DF6D61F4F06}.Debug|Any CPU.Build.0 = Debug|Any CPU
		{A0C52D37-6112-4278-87BB-2DF6D61F4F06}.Release|Any CPU.ActiveCfg = Release|Any CPU
		{A0C52D37-6112-4278-87BB-2DF6D61F4F06}.Release|Any CPU.Build.0 = Release|Any CPU
		{1820C820-1490-48C0-8882-9A6A2C3860E0}.Debug|Any CPU.ActiveCfg = Debug|Any CPU
		{1820C820-1490-48C0-8882-9A6A2C3860E0}.Debug|Any CPU.Build.0 = Debug|Any CPU
		{1820C820-1490-48C0-8882-9A6A2C3860E0}.Release|Any CPU.ActiveCfg = Release|Any CPU
		{1820C820-1490-48C0-8882-9A6A2C3860E0}.Release|Any CPU.Build.0 = Release|Any CPU
		{779357C2-BD91-48D2-9056-15B58B8AA5C2}.Debug|Any CPU.ActiveCfg = Debug|Any CPU
		{779357C2-BD91-48D2-9056-15B58B8AA5C2}.Debug|Any CPU.Build.0 = Debug|Any CPU
		{779357C2-BD91-48D2-9056-15B58B8AA5C2}.Release|Any CPU.ActiveCfg = Release|Any CPU
		{779357C2-BD91-48D2-9056-15B58B8AA5C2}.Release|Any CPU.Build.0 = Release|Any CPU
		{FF66C8B4-A6BF-4513-8036-203B16D61D37}.Debug|Any CPU.ActiveCfg = Debug|Any CPU
		{FF66C8B4-A6BF-4513-8036-203B16D61D37}.Debug|Any CPU.Build.0 = Debug|Any CPU
		{FF66C8B4-A6BF-4513-8036-203B16D61D37}.Release|Any CPU.ActiveCfg = Release|Any CPU
		{FF66C8B4-A6BF-4513-8036-203B16D61D37}.Release|Any CPU.Build.0 = Release|Any CPU
		{D895633D-8A74-4A81-A9E7-3F5DC92F979D}.Debug|Any CPU.ActiveCfg = Debug|Any CPU
		{D895633D-8A74-4A81-A9E7-3F5DC92F979D}.Debug|Any CPU.Build.0 = Debug|Any CPU
		{D895633D-8A74-4A81-A9E7-3F5DC92F979D}.Release|Any CPU.ActiveCfg = Release|Any CPU
		{D895633D-8A74-4A81-A9E7-3F5DC92F979D}.Release|Any CPU.Build.0 = Release|Any CPU
		{B2AC2454-0AFF-47A4-8A3E-8DD3837BE0C7}.Debug|Any CPU.ActiveCfg = Debug|Any CPU
		{B2AC2454-0AFF-47A4-8A3E-8DD3837BE0C7}.Debug|Any CPU.Build.0 = Debug|Any CPU
		{B2AC2454-0AFF-47A4-8A3E-8DD3837BE0C7}.Release|Any CPU.ActiveCfg = Release|Any CPU
		{B2AC2454-0AFF-47A4-8A3E-8DD3837BE0C7}.Release|Any CPU.Build.0 = Release|Any CPU
		{C1435271-4B5C-45C2-849F-A8E079DCEFE2}.Debug|Any CPU.ActiveCfg = Debug|Any CPU
		{C1435271-4B5C-45C2-849F-A8E079DCEFE2}.Debug|Any CPU.Build.0 = Debug|Any CPU
		{C1435271-4B5C-45C2-849F-A8E079DCEFE2}.Release|Any CPU.ActiveCfg = Release|Any CPU
		{C1435271-4B5C-45C2-849F-A8E079DCEFE2}.Release|Any CPU.Build.0 = Release|Any CPU
		{70422D7E-6B99-4255-9AD5-483868DD61C4}.Debug|Any CPU.ActiveCfg = Debug|Any CPU
		{70422D7E-6B99-4255-9AD5-483868DD61C4}.Debug|Any CPU.Build.0 = Debug|Any CPU
		{70422D7E-6B99-4255-9AD5-483868DD61C4}.Release|Any CPU.ActiveCfg = Release|Any CPU
		{70422D7E-6B99-4255-9AD5-483868DD61C4}.Release|Any CPU.Build.0 = Release|Any CPU
		{6B33A70B-0C7E-4363-8D8B-0EFD76693650}.Debug|Any CPU.ActiveCfg = Debug|Any CPU
		{6B33A70B-0C7E-4363-8D8B-0EFD76693650}.Debug|Any CPU.Build.0 = Debug|Any CPU
		{6B33A70B-0C7E-4363-8D8B-0EFD76693650}.Release|Any CPU.ActiveCfg = Release|Any CPU
		{6B33A70B-0C7E-4363-8D8B-0EFD76693650}.Release|Any CPU.Build.0 = Release|Any CPU
		{0EED643F-A9CC-4392-9F20-B6D6D1EE5E86}.Debug|Any CPU.ActiveCfg = Debug|Any CPU
		{0EED643F-A9CC-4392-9F20-B6D6D1EE5E86}.Debug|Any CPU.Build.0 = Debug|Any CPU
		{0EED643F-A9CC-4392-9F20-B6D6D1EE5E86}.Release|Any CPU.ActiveCfg = Release|Any CPU
		{0EED643F-A9CC-4392-9F20-B6D6D1EE5E86}.Release|Any CPU.Build.0 = Release|Any CPU
		{C36D987F-74C0-4C7C-BBAB-756C7666231A}.Debug|Any CPU.ActiveCfg = Debug|Any CPU
		{C36D987F-74C0-4C7C-BBAB-756C7666231A}.Debug|Any CPU.Build.0 = Debug|Any CPU
		{C36D987F-74C0-4C7C-BBAB-756C7666231A}.Release|Any CPU.ActiveCfg = Release|Any CPU
		{C36D987F-74C0-4C7C-BBAB-756C7666231A}.Release|Any CPU.Build.0 = Release|Any CPU
		{3C0D9B5C-06C7-41A4-96A7-79FA3915E0BD}.Debug|Any CPU.ActiveCfg = Debug|Any CPU
		{3C0D9B5C-06C7-41A4-96A7-79FA3915E0BD}.Debug|Any CPU.Build.0 = Debug|Any CPU
		{3C0D9B5C-06C7-41A4-96A7-79FA3915E0BD}.Release|Any CPU.ActiveCfg = Release|Any CPU
		{3C0D9B5C-06C7-41A4-96A7-79FA3915E0BD}.Release|Any CPU.Build.0 = Release|Any CPU
		{B2C7BCC8-E36A-4FF8-BDA8-1FDB62AB7E1C}.Debug|Any CPU.ActiveCfg = Debug|Any CPU
		{B2C7BCC8-E36A-4FF8-BDA8-1FDB62AB7E1C}.Debug|Any CPU.Build.0 = Debug|Any CPU
		{B2C7BCC8-E36A-4FF8-BDA8-1FDB62AB7E1C}.Release|Any CPU.ActiveCfg = Release|Any CPU
		{B2C7BCC8-E36A-4FF8-BDA8-1FDB62AB7E1C}.Release|Any CPU.Build.0 = Release|Any CPU
		{464B4527-9773-4F20-9099-C318EAD3B845}.Debug|Any CPU.ActiveCfg = Debug|Any CPU
		{464B4527-9773-4F20-9099-C318EAD3B845}.Debug|Any CPU.Build.0 = Debug|Any CPU
		{464B4527-9773-4F20-9099-C318EAD3B845}.Release|Any CPU.ActiveCfg = Release|Any CPU
		{464B4527-9773-4F20-9099-C318EAD3B845}.Release|Any CPU.Build.0 = Release|Any CPU
		{EAADD4D0-E1FE-41FD-814A-0EBA82EF614C}.Debug|Any CPU.ActiveCfg = Debug|Any CPU
		{EAADD4D0-E1FE-41FD-814A-0EBA82EF614C}.Debug|Any CPU.Build.0 = Debug|Any CPU
		{EAADD4D0-E1FE-41FD-814A-0EBA82EF614C}.Release|Any CPU.ActiveCfg = Release|Any CPU
		{EAADD4D0-E1FE-41FD-814A-0EBA82EF614C}.Release|Any CPU.Build.0 = Release|Any CPU
		{E958F4E1-9379-402E-BF65-4DFCBC185E83}.Debug|Any CPU.ActiveCfg = Debug|Any CPU
		{E958F4E1-9379-402E-BF65-4DFCBC185E83}.Debug|Any CPU.Build.0 = Debug|Any CPU
		{E958F4E1-9379-402E-BF65-4DFCBC185E83}.Release|Any CPU.ActiveCfg = Release|Any CPU
		{E958F4E1-9379-402E-BF65-4DFCBC185E83}.Release|Any CPU.Build.0 = Release|Any CPU
		{21490C87-736C-432E-BA28-DE6DB7A65E01}.Debug|Any CPU.ActiveCfg = Debug|Any CPU
		{21490C87-736C-432E-BA28-DE6DB7A65E01}.Debug|Any CPU.Build.0 = Debug|Any CPU
		{21490C87-736C-432E-BA28-DE6DB7A65E01}.Release|Any CPU.ActiveCfg = Release|Any CPU
		{21490C87-736C-432E-BA28-DE6DB7A65E01}.Release|Any CPU.Build.0 = Release|Any CPU
		{EC310495-116D-4992-ACB8-3F014A14037F}.Debug|Any CPU.ActiveCfg = Debug|Any CPU
		{EC310495-116D-4992-ACB8-3F014A14037F}.Debug|Any CPU.Build.0 = Debug|Any CPU
		{EC310495-116D-4992-ACB8-3F014A14037F}.Release|Any CPU.ActiveCfg = Release|Any CPU
		{EC310495-116D-4992-ACB8-3F014A14037F}.Release|Any CPU.Build.0 = Release|Any CPU
		{3FCA2DB7-77AC-428F-800A-CB2D1EB87331}.Debug|Any CPU.ActiveCfg = Debug|Any CPU
		{3FCA2DB7-77AC-428F-800A-CB2D1EB87331}.Debug|Any CPU.Build.0 = Debug|Any CPU
		{3FCA2DB7-77AC-428F-800A-CB2D1EB87331}.Release|Any CPU.ActiveCfg = Release|Any CPU
		{3FCA2DB7-77AC-428F-800A-CB2D1EB87331}.Release|Any CPU.Build.0 = Release|Any CPU
		{CCBC3F00-8BB3-4874-8998-D62EF70330F0}.Debug|Any CPU.ActiveCfg = Debug|Any CPU
		{CCBC3F00-8BB3-4874-8998-D62EF70330F0}.Debug|Any CPU.Build.0 = Debug|Any CPU
		{CCBC3F00-8BB3-4874-8998-D62EF70330F0}.Release|Any CPU.ActiveCfg = Release|Any CPU
		{CCBC3F00-8BB3-4874-8998-D62EF70330F0}.Release|Any CPU.Build.0 = Release|Any CPU
		{5592B653-4A5E-46C5-BB5C-799C5D679FEF}.Debug|Any CPU.ActiveCfg = Debug|Any CPU
		{5592B653-4A5E-46C5-BB5C-799C5D679FEF}.Debug|Any CPU.Build.0 = Debug|Any CPU
		{5592B653-4A5E-46C5-BB5C-799C5D679FEF}.Release|Any CPU.ActiveCfg = Release|Any CPU
		{5592B653-4A5E-46C5-BB5C-799C5D679FEF}.Release|Any CPU.Build.0 = Release|Any CPU
		{868CB499-DC3F-4452-B678-D3ADD01027E4}.Debug|Any CPU.ActiveCfg = Debug|Any CPU
		{868CB499-DC3F-4452-B678-D3ADD01027E4}.Debug|Any CPU.Build.0 = Debug|Any CPU
		{868CB499-DC3F-4452-B678-D3ADD01027E4}.Release|Any CPU.ActiveCfg = Release|Any CPU
		{868CB499-DC3F-4452-B678-D3ADD01027E4}.Release|Any CPU.Build.0 = Release|Any CPU
		{60A05A8B-EC6C-40D9-8649-DA1D1AE5CB8F}.Debug|Any CPU.ActiveCfg = Debug|Any CPU
		{60A05A8B-EC6C-40D9-8649-DA1D1AE5CB8F}.Debug|Any CPU.Build.0 = Debug|Any CPU
		{60A05A8B-EC6C-40D9-8649-DA1D1AE5CB8F}.Release|Any CPU.ActiveCfg = Release|Any CPU
		{60A05A8B-EC6C-40D9-8649-DA1D1AE5CB8F}.Release|Any CPU.Build.0 = Release|Any CPU
		{25DA6A92-8881-4A4C-8422-8CF18AA13E44}.Debug|Any CPU.ActiveCfg = Debug|Any CPU
		{25DA6A92-8881-4A4C-8422-8CF18AA13E44}.Debug|Any CPU.Build.0 = Debug|Any CPU
		{25DA6A92-8881-4A4C-8422-8CF18AA13E44}.Release|Any CPU.ActiveCfg = Release|Any CPU
		{25DA6A92-8881-4A4C-8422-8CF18AA13E44}.Release|Any CPU.Build.0 = Release|Any CPU
	EndGlobalSection
	GlobalSection(SolutionProperties) = preSolution
		HideSolutionNode = FALSE
	EndGlobalSection
	GlobalSection(ExtensibilityGlobals) = postSolution
		SolutionGuid = {DF8FE57B-ECD7-4DFD-8BFF-C98E0168B622}
	EndGlobalSection
EndGlobal
