
Microsoft Visual Studio Solution File, Format Version 12.00
# Visual Studio Version 17
VisualStudioVersion = 17.1.32328.378
MinimumVisualStudioVersion = 10.0.40219.1
Project("{FAE04EC0-301F-11D3-BF4B-00C04F79EFBC}") = "C_7_3", "C_7_3\C_7_3.csproj", "{014E8929-D993-4AB2-983D-E0E0EFD18393}"
EndProject
Project("{FAE04EC0-301F-11D3-BF4B-00C04F79EFBC}") = "C_7_5", "C_7_5\C_7_5.csproj", "{C6CA6C70-4EB6-4BAD-8460-F6215FC1A6BC}"
EndProject
Project("{FAE04EC0-301F-11D3-BF4B-00C04F79EFBC}") = "C_7_5_2", "C_7_5_2\C_7_5_2.csproj", "{792AB11C-0AC3-4A0F-A569-15CFBACD6549}"
EndProject
Project("{FAE04EC0-301F-11D3-BF4B-00C04F79EFBC}") = "C_7_6", "C_7_6\C_7_6.csproj", "{4AE378EF-9D2E-4EA1-AA2E-5FD4A00E5C17}"
EndProject
Project("{FAE04EC0-301F-11D3-BF4B-00C04F79EFBC}") = "C_7_9", "C_7_9\C_7_9.csproj", "{4352FAED-62FB-487C-9D64-9E4A6F3FB997}"
EndProject
Project("{FAE04EC0-301F-11D3-BF4B-00C04F79EFBC}") = "C_List", "C_List\C_List.csproj", "{484FCE54-3B89-4D6E-9756-2F592B1C00DB}"
EndProject
Project("{FAE04EC0-301F-11D3-BF4B-00C04F79EFBC}") = "C_7_17_索引器", "C_7_17_索引器\C_7_17_索引器.csproj", "{5CB547D3-1393-48C6-A93C-880A58A9E97F}"
EndProject
Project("{FAE04EC0-301F-11D3-BF4B-00C04F79EFBC}") = "C_7_17_索引器1", "C_7_17_索引器1\C_7_17_索引器1.csproj", "{2ABD068C-9607-43EF-ACDC-3BCD13E80E86}"
EndProject
Project("{FAE04EC0-301F-11D3-BF4B-00C04F79EFBC}") = "C_7_18", "C_7_18\C_7_18.csproj", "{959981A3-6733-42FF-9243-F5A3AE409330}"
EndProject
Project("{9A19103F-16F7-4668-BE54-9A1E7A4F7556}") = "C_8_4_使用基类的引用", "C_8_4_屏蔽基类成员\C_8_4_使用基类的引用.csproj", "{A0AC5763-51D9-4FA2-94F2-884707930DFB}"
EndProject
Project("{9A19103F-16F7-4668-BE54-9A1E7A4F7556}") = "C_8_6_1_虚方法和覆写方法", "C_8_6_1_虚方法和覆写方法\C_8_6_1_虚方法和覆写方法.csproj", "{BBCE9819-2204-498E-88FD-E04CB364B497}"
EndProject
Project("{9A19103F-16F7-4668-BE54-9A1E7A4F7556}") = "C_8_6_2_覆写override", "C_8_6_2_覆写override\C_8_6_2_覆写override.csproj", "{14A04C79-8601-4258-A5A0-2B4C2527B188}"
EndProject
Project("{9A19103F-16F7-4668-BE54-9A1E7A4F7556}") = "C_8_6_3_覆写属性", "C_8_6_3_覆写属性\C_8_6_3_覆写属性.csproj", "{CD0CC245-3C8D-4900-8E41-D3AE360050D6}"
EndProject
Project("{9A19103F-16F7-4668-BE54-9A1E7A4F7556}") = "C_8_7_1_构造函数初始化", "C_8_7_1_构造函数初始化\C_8_7_1_构造函数初始化.csproj", "{2F3251D8-B331-43D4-B428-D447BB641047}"
EndProject
Project("{9A19103F-16F7-4668-BE54-9A1E7A4F7556}") = "C_8_8_程序集间的继承", "C_8_8_程序集间的继承\C_8_8_程序集间的继承.csproj", "{533C5730-105C-4C93-B3DF-EA485543F6F3}"
EndProject
Project("{9A19103F-16F7-4668-BE54-9A1E7A4F7556}") = "C_8_8_程序集间的继承1", "C_8_8_程序集间的继承1\C_8_8_程序集间的继承1.csproj", "{E7C4128E-BB2F-41C5-9CEC-A8571AE94077}"
EndProject
Project("{9A19103F-16F7-4668-BE54-9A1E7A4F7556}") = "C_20_2_匿名类型", "C_20_2_匿名类型\C_20_2_匿名类型.csproj", "{4B0823D9-0746-4D3F-BDD0-CAADF6737B57}"
EndProject
Project("{9A19103F-16F7-4668-BE54-9A1E7A4F7556}") = "C_20_3_方法和查询", "C_20_3_方法和查询\C_20_3_方法和查询.csproj", "{96D3EE70-9294-422E-9588-E34F2D12596B}"
EndProject
Project("{9A19103F-16F7-4668-BE54-9A1E7A4F7556}") = "C_19_6_1_查询运算符签名", "C_19_6_1_查询运算符签名\C_19_6_1_查询运算符签名.csproj", "{39236CA3-C822-403F-8AE9-E9AD1D7843CB}"
EndProject
Project("{9A19103F-16F7-4668-BE54-9A1E7A4F7556}") = "Test", "Test\Test.csproj", "{A8E6A438-B108-4C37-A00D-C3A8E3F65E23}"
EndProject
Project("{9A19103F-16F7-4668-BE54-9A1E7A4F7556}") = "C_13_14_Ref返回和局部变量", "C_13_14_Ref返回和局部变量\C_13_14_Ref返回和局部变量.csproj", "{B449A8F7-FAC5-4329-82E6-C6E6AEE91CC0}"
EndProject
Project("{9A19103F-16F7-4668-BE54-9A1E7A4F7556}") = "C_14_10_委托", "C_14_10_委托\C_14_10_委托.csproj", "{8195B06A-792A-4687-AA47-906A8380D39F}"
EndProject
Project("{9A19103F-16F7-4668-BE54-9A1E7A4F7556}") = "C_14_11_带返回值的委托", "C_14_11_带返回值的委托\C_14_11_带返回值的委托.csproj", "{CEE70764-4496-41AD-BDEF-50E782378751}"
EndProject
Project("{9A19103F-16F7-4668-BE54-9A1E7A4F7556}") = "C_14_12_带引用参数的委托", "C_14_12_带引用参数的委托\C_14_12_带引用参数的委托.csproj", "{69DECADC-21B1-4E90-AAA0-1873306C7EC9}"
EndProject
Project("{9A19103F-16F7-4668-BE54-9A1E7A4F7556}") = "C_14_13_匿名方法", "C_14_13_匿名方法\C_14_13_匿名方法.csproj", "{D3669555-18C5-4C8F-B80C-444F70F65DC9}"
EndProject
Project("{9A19103F-16F7-4668-BE54-9A1E7A4F7556}") = "C_14_3_3_捕获变量", "C_14_3_3_捕获变量\C_14_3_3_捕获变量.csproj", "{F620E9BA-5AB5-4F13-86E8-0CA06DBAB03E}"
EndProject
Project("{9A19103F-16F7-4668-BE54-9A1E7A4F7556}") = "C_16_1_接口", "C_16_1_接口\C_16_1_接口.csproj", "{D7B76158-FB60-44AD-9B31-74431B871F87}"
EndProject
Project("{9A19103F-16F7-4668-BE54-9A1E7A4F7556}") = "C_16_1_接口1", "C_16_1_接口1\C_16_1_接口1.csproj", "{0D0AAE07-7977-46BC-8965-4853698EF5A0}"
EndProject
Project("{9A19103F-16F7-4668-BE54-9A1E7A4F7556}") = "C_16_3_接口示例", "C_16_3_接口示例\C_16_3_接口示例.csproj", "{2E04DEB3-18ED-4BC6-BAC6-D15626674BED}"
EndProject
Project("{9A19103F-16F7-4668-BE54-9A1E7A4F7556}") = "C_16_6_接口", "C_16_6_接口\C_16_6_接口.csproj", "{4E21010F-2531-45B8-883D-84F9D242DCEC}"
EndProject
Project("{9A19103F-16F7-4668-BE54-9A1E7A4F7556}") = "C_16_7_重复成员的接口", "C_16_7_重复成员的接口\C_16_7_重复成员的接口.csproj", "{881D36D1-530F-49BB-8EF7-92EE6EDBA299}"
EndProject
Project("{9A19103F-16F7-4668-BE54-9A1E7A4F7556}") = "C_16_8_多接口引用", "C_16_8_多接口引用\C_16_8_多接口引用.csproj", "{F84408BE-6C38-4665-8130-12004F1DCB94}"
EndProject
Project("{9A19103F-16F7-4668-BE54-9A1E7A4F7556}") = "C_16_9_派生成员实现接口", "C_16_9_派生成员实现接口\C_16_9_派生成员实现接口.csproj", "{604134EC-B0C0-489D-9859-C26CCF735D72}"
EndProject
Project("{9A19103F-16F7-4668-BE54-9A1E7A4F7556}") = "C_16_10_显式接口成员", "C_16_10_显式接口成员\C_16_10_显式接口成员.csproj", "{1AE4D983-5128-4B21-84D1-86C3C204DEAD}"
EndProject
Project("{9A19103F-16F7-4668-BE54-9A1E7A4F7556}") = "C_16_10_访问显式接口成员", "C_16_10_访问显式接口成员\C_16_10_访问显式接口成员.csproj", "{5521D92A-9A4E-495D-BA69-E1681A4595F7}"
EndProject
Project("{9A19103F-16F7-4668-BE54-9A1E7A4F7556}") = "C_16_11_接口继承", "C_16_11_接口继承\C_16_11_接口继承.csproj", "{E33CD8CD-D743-449D-91EF-3B29A3CF26E5}"
EndProject
Project("{9A19103F-16F7-4668-BE54-9A1E7A4F7556}") = "C_16_12_接口综合示例", "C_16_12_接口综合示例\C_16_12_接口综合示例.csproj", "{C06A3AFF-ADD1-462C-89C4-7553600179F1}"
EndProject
Project("{9A19103F-16F7-4668-BE54-9A1E7A4F7556}") = "C_17_6_1_引用转换", "C_17_6_1_引用转换\C_17_6_1_引用转换.csproj", "{A0C52D37-6112-4278-87BB-2DF6D61F4F06}"
EndProject
Project("{9A19103F-16F7-4668-BE54-9A1E7A4F7556}") = "C_17_7_1_装箱是创建副本", "C_17_7_1_装箱是创建副本\C_17_7_1_装箱是创建副本.csproj", "{1820C820-1490-48C0-8882-9A6A2C3860E0}"
EndProject
Project("{9A19103F-16F7-4668-BE54-9A1E7A4F7556}") = "C_17_8_拆箱转换", "C_17_8_拆箱转换\C_17_8_拆箱转换.csproj", "{779357C2-BD91-48D2-9056-15B58B8AA5C2}"
EndProject
Project("{9A19103F-16F7-4668-BE54-9A1E7A4F7556}") = "C_17_9_2_用户自定义转换", "C_17_9_2_用户自定义转换\C_17_9_2_用户自定义转换.csproj", "{FF66C8B4-A6BF-4513-8036-203B16D61D37}"
EndProject
Project("{9A19103F-16F7-4668-BE54-9A1E7A4F7556}") = "C_17_9_4_多步用户自定义转换", "C_17_9_4_多步用户自定义转换\C_17_9_4_多步用户自定义转换.csproj", "{D895633D-8A74-4A81-A9E7-3F5DC92F979D}"
EndProject
Project("{9A19103F-16F7-4668-BE54-9A1E7A4F7556}") = "C_17_10_is运算符", "C_17_10_is运算符\C_17_10_is运算符.csproj", "{B2AC2454-0AFF-47A4-8A3E-8DD3837BE0C7}"
EndProject
Project("{9A19103F-16F7-4668-BE54-9A1E7A4F7556}") = "C_17_11_as运算符", "C_17_11_as运算符\C_17_11_as运算符.csproj", "{C1435271-4B5C-45C2-849F-A8E079DCEFE2}"
EndProject
Project("{9A19103F-16F7-4668-BE54-9A1E7A4F7556}") = "C_19_2_IEnumerator", "C_19_2_IEnumerator\C_19_2_IEnumerator.csproj", "{70422D7E-6B99-4255-9AD5-483868DD61C4}"
EndProject
Project("{9A19103F-16F7-4668-BE54-9A1E7A4F7556}") = "C_19_3_IEnumerable", "C_19_3_IEnumerable\C_19_3_IEnumerable.csproj", "{6B33A70B-0C7E-4363-8D8B-0EFD76693650}"
EndProject
Project("{9A19103F-16F7-4668-BE54-9A1E7A4F7556}") = "C_19_5_3_迭代器创建可枚举类型", "C_19_5_3_迭代器创建可枚举类型\C_19_5_3_迭代器创建可枚举类型.csproj", "{0EED643F-A9CC-4392-9F20-B6D6D1EE5E86}"
EndProject
Project("{9A19103F-16F7-4668-BE54-9A1E7A4F7556}") = "C_19_7_多个可枚举类型", "C_19_7_多个可枚举类型\C_19_7_多个可枚举类型.csproj", "{C36D987F-74C0-4C7C-BBAB-756C7666231A}"
EndProject
Project("{9A19103F-16F7-4668-BE54-9A1E7A4F7556}") = "C_19_8_将迭代器作为属性", "C_19_8_将迭代器作为属性\C_19_8_将迭代器作为属性.csproj", "{3C0D9B5C-06C7-41A4-96A7-79FA3915E0BD}"
EndProject
Project("{9A19103F-16F7-4668-BE54-9A1E7A4F7556}") = "C_18_1_泛型_栈", "C_18_1_泛型_栈\C_18_1_泛型_栈.csproj", "{B2C7BCC8-E36A-4FF8-BDA8-1FDB62AB7E1C}"
EndProject
Project("{9A19103F-16F7-4668-BE54-9A1E7A4F7556}") = "C_18_2_泛型_栈_占位符", "C_18_2_泛型_栈_占位符\C_18_2_泛型_栈_占位符.csproj", "{464B4527-9773-4F20-9099-C318EAD3B845}"
EndProject
Project("{9A19103F-16F7-4668-BE54-9A1E7A4F7556}") = "C_18_3_4_泛型_栈", "C_18_3_4_泛型_栈\C_18_3_4_泛型_栈.csproj", "{EAADD4D0-E1FE-41FD-814A-0EBA82EF614C}"
EndProject
Project("{9A19103F-16F7-4668-BE54-9A1E7A4F7556}") = "C_18_5_泛型方法示例", "C_18_5_泛型方法示例\C_18_5_泛型方法示例.csproj", "{E958F4E1-9379-402E-BF65-4DFCBC185E83}"
EndProject
Project("{9A19103F-16F7-4668-BE54-9A1E7A4F7556}") = "C_18_6_扩展方法和泛型类", "C_18_6_扩展方法和泛型类\C_18_6_扩展方法和泛型类.csproj", "{21490C87-736C-432E-BA28-DE6DB7A65E01}"
EndProject
Project("{9A19103F-16F7-4668-BE54-9A1E7A4F7556}") = "C_12_2_1_Flags特性", "C_12_2_1_Flags特性\C_12_2_1_Flags特性.csproj", "{EC310495-116D-4992-ACB8-3F014A14037F}"
EndProject
Project("{9A19103F-16F7-4668-BE54-9A1E7A4F7556}") = "C_12_2_1_无flags示例", "C_12_2_1_无flags示例\C_12_2_1_无flags示例.csproj", "{3FCA2DB7-77AC-428F-800A-CB2D1EB87331}"
EndProject
Project("{9A19103F-16F7-4668-BE54-9A1E7A4F7556}") = "C_12_2_2_位标志示例", "C_12_2_2_位标志示例\C_12_2_2_位标志示例.csproj", "{CCBC3F00-8BB3-4874-8998-D62EF70330F0}"
EndProject
Project("{9A19103F-16F7-4668-BE54-9A1E7A4F7556}") = "C_12_3_枚举补充", "C_12_3_枚举补充\C_12_3_枚举补充.csproj", "{5592B653-4A5E-46C5-BB5C-799C5D679FEF}"
EndProject
Project("{9A19103F-16F7-4668-BE54-9A1E7A4F7556}") = "C_18_7_泛型结构", "C_18_7_泛型结构\C_18_7_泛型结构.csproj", "{868CB499-DC3F-4452-B678-D3ADD01027E4}"
EndProject
Project("{9A19103F-16F7-4668-BE54-9A1E7A4F7556}") = "C_18_8_泛型委托", "C_18_8_泛型委托\C_18_8_泛型委托.csproj", "{60A05A8B-EC6C-40D9-8649-DA1D1AE5CB8F}"
EndProject
Project("{9A19103F-16F7-4668-BE54-9A1E7A4F7556}") = "C_18_8_泛型委托2", "C_18_8_泛型委托2\C_18_8_泛型委托2.csproj", "{25DA6A92-8881-4A4C-8422-8CF18AA13E44}"
EndProject
Project("{9A19103F-16F7-4668-BE54-9A1E7A4F7556}") = "C_18_10_2_逆变", "C_18_10_2_逆变\C_18_10_2_逆变.csproj", "{52727535-A534-44C1-A86D-180A688F1B53}"
EndProject
Project("{9A19103F-16F7-4668-BE54-9A1E7A4F7556}") = "C_18_10_4_接口的协变与逆变", "C_18_10_4_接口的协变与逆变\C_18_10_4_接口的协变与逆变.csproj", "{82202513-0903-4B6B-BDE9-F1277B79042E}"
EndProject
Project("{9A19103F-16F7-4668-BE54-9A1E7A4F7556}") = "C_18_10_5_可变性", "C_18_10_5_可变性\C_18_10_5_可变性.csproj", "{41B6D2E3-94B1-464A-9959-66A8F7306533}"
EndProject
Project("{9A19103F-16F7-4668-BE54-9A1E7A4F7556}") = "C_18_10_1_协变", "C_18_10_1_协变\C_18_10_1_协变.csproj", "{8B4EB381-4940-4889-BA65-FB656670D953}"
EndProject
Project("{9A19103F-16F7-4668-BE54-9A1E7A4F7556}") = "C_9_5_余数", "C_9_5_余数\C_9_5_余数.csproj", "{CF7387E9-FFB1-4005-85A4-E3F377B1C084}"
EndProject
Project("{9A19103F-16F7-4668-BE54-9A1E7A4F7556}") = "C_9_7_递增递减", "C_9_7_递增递减\C_9_7_递增递减.csproj", "{7E52BCF1-BAE9-4548-8747-47064D23BFA5}"
EndProject
Project("{9A19103F-16F7-4668-BE54-9A1E7A4F7556}") = "C_9_14_用户定义转换", "C_9_14_用户定义转换\C_9_14_用户定义转换.csproj", "{C8772BBA-C799-41C6-A2BA-5A2453659F79}"
EndProject
Project("{9A19103F-16F7-4668-BE54-9A1E7A4F7556}") = "C_9_4_自定义强制转换", "C_9_4_自定义强制转换\C_9_4_自定义强制转换.csproj", "{095A63F8-325E-40E1-9D43-CD2FF05E28A2}"
EndProject
Project("{9A19103F-16F7-4668-BE54-9A1E7A4F7556}") = "C_9_15_运算符重载", "C_9_15_运算符重载\C_9_15_运算符重载.csproj", "{416AFF34-2A95-4577-9CB9-C104AA94510F}"
EndProject
Project("{9A19103F-16F7-4668-BE54-9A1E7A4F7556}") = "C_9_15_2_递增递减重载", "C_9_15_2_递增递减重载\C_9_15_2_递增递减重载.csproj", "{12DEE80B-214F-41FF-8EF5-397418C1411B}"
EndProject
Project("{9A19103F-16F7-4668-BE54-9A1E7A4F7556}") = "C_9_16_typeof示例", "C_9_16_typeof示例\C_9_16_typeof示例.csproj", "{933EA30D-1D57-4D79-8BF7-8160BAC62601}"
EndProject
Project("{9A19103F-16F7-4668-BE54-9A1E7A4F7556}") = "C_9_17_nameof", "C_9_17_nameof\C_9_17_nameof.csproj", "{CA1FF608-5674-46F2-A399-CE69B89E4F1F}"
EndProject
Project("{9A19103F-16F7-4668-BE54-9A1E7A4F7556}") = "C_18_9_泛型接口1", "C_18_9_泛型接口1\C_18_9_泛型接口1.csproj", "{8FCFAE3D-F064-487B-B1C5-25ABC402729F}"
EndProject
Project("{9A19103F-16F7-4668-BE54-9A1E7A4F7556}") = "C_18_9_1_使用泛型接口", "C_18_9_1_使用泛型接口\C_18_9_1_使用泛型接口.csproj", "{480705BE-B2B8-4835-8B40-BA3CA3457372}"
EndProject
Project("{9A19103F-16F7-4668-BE54-9A1E7A4F7556}") = "C_10_8_2_for多表达式", "C_10_8_2_for多表达式\C_10_8_2_for多表达式.csproj", "{161DA13D-3CD5-4166-B88A-B9E18D59F68C}"
EndProject
Project("{9A19103F-16F7-4668-BE54-9A1E7A4F7556}") = "C_10_9_1_switch分支", "C_10_9_1_switch分支\C_10_9_1_switch分支.csproj", "{3077545C-987E-4D05-937C-84C4DAF3F73B}"
EndProject
Project("{9A19103F-16F7-4668-BE54-9A1E7A4F7556}") = "C_10_9_2_其他类型模式表达式", "C_10_9_2_其他类型模式表达式\C_10_9_2_其他类型模式表达式.csproj", "{24857853-75B5-4B2D-9C7A-C77EC2B7EC2B}"
EndProject
Project("{9A19103F-16F7-4668-BE54-9A1E7A4F7556}") = "C_10_9_4_分支标签", "C_10_9_4_分支标签\C_10_9_4_分支标签.csproj", "{AEC637D7-4CDC-4DBD-9E22-8D45A740EF08}"
EndProject
Project("{9A19103F-16F7-4668-BE54-9A1E7A4F7556}") = "C_10_13_标签语句", "C_10_13_标签语句\C_10_13_标签语句.csproj", "{2B6B6CA0-863C-4289-AC8D-FD06EF6633C1}"
EndProject
Project("{9A19103F-16F7-4668-BE54-9A1E7A4F7556}") = "C_10_15_2_using示例", "C_10_15_2_using示例\C_10_15_2_using示例.csproj", "{10ACC8E5-B1F1-47DF-8C2F-8A84C01493CF}"
EndProject
Project("{9A19103F-16F7-4668-BE54-9A1E7A4F7556}") = "C_12_1_枚举", "C_12_1_枚举\C_12_1_枚举.csproj", "{84A771AC-DCF0-41B0-B8AB-5C6E46F9FA80}"
EndProject
Project("{9A19103F-16F7-4668-BE54-9A1E7A4F7556}") = "C_23_2_try语句", "C_23_2_try语句\C_23_2_try语句.csproj", "{D1C55F65-F605-4F12-B6AD-8A9BCDFD2A6B}"
EndProject
Project("{9A19103F-16F7-4668-BE54-9A1E7A4F7556}") = "C_23_9_2_搜索调用栈", "C_23_9_2_搜索调用栈\C_23_9_2_搜索调用栈.csproj", "{3A72137B-DE28-4AAE-8538-0612FD8D93F7}"
EndProject
Project("{9A19103F-16F7-4668-BE54-9A1E7A4F7556}") = "C_23_10_抛出异常", "C_23_10_抛出异常\C_23_10_抛出异常.csproj", "{FF975B24-6F5F-46D1-AE05-3C83EAE445B0}"
EndProject
Project("{9A19103F-16F7-4668-BE54-9A1E7A4F7556}") = "C_23_11_不带异常对象抛出", "C_23_11_不带异常对象抛出\C_23_11_不带异常对象抛出.csproj", "{89DFBF36-8599-4CA9-93FC-199F557FDD2A}"
EndProject
Project("{9A19103F-16F7-4668-BE54-9A1E7A4F7556}") = "C_23_12_throw表达式", "C_23_12_throw表达式\C_23_12_throw表达式.csproj", "{DC13D09C-AA8F-4911-B4A3-E145237666F5}"
EndProject
Project("{9A19103F-16F7-4668-BE54-9A1E7A4F7556}") = "C_25_3_获取type对象", "C_25_3_获取type对象\C_25_3_获取type对象.csproj", "{ECD26E88-2963-4E57-8D6D-C6F7B134B43C}"
EndProject
Project("{9A19103F-16F7-4668-BE54-9A1E7A4F7556}") = "C_25_3_typeof使用", "C_25_3_typeof使用\C_25_3_typeof使用.csproj", "{24537077-9D28-434A-9724-F444025899F7}"
EndProject
Project("{9A19103F-16F7-4668-BE54-9A1E7A4F7556}") = "C_25_6_1_Obsolete特性", "C_25_6_1_Obsolete特性\C_25_6_1_Obsolete特性.csproj", "{C99568BC-1F6E-4207-BB28-4839078F688E}"
EndProject
Project("{9A19103F-16F7-4668-BE54-9A1E7A4F7556}") = "C_25_6_2_Conditional特性", "C_25_6_2_Conditional特性\C_25_6_2_Conditional特性.csproj", "{90707FC4-F074-4FD3-8EC2-FDA80E429E57}"
EndProject
Project("{9A19103F-16F7-4668-BE54-9A1E7A4F7556}") = "C_25_6_3_调用者信息特性", "C_25_6_3_调用者信息特性\C_25_6_3_调用者信息特性.csproj", "{F6999D8F-0C30-41AE-9464-9705D5C7FD1A}"
EndProject
Project("{9A19103F-16F7-4668-BE54-9A1E7A4F7556}") = "C_25_6_4_DebuggerStepThrouth特性", "C_25_6_4_DebuggerStepThrouth特性\C_25_6_4_DebuggerStepThrouth特性.csproj", "{073540B1-61A6-47C3-BFCF-5A76529D51C2}"
EndProject
Project("{9A19103F-16F7-4668-BE54-9A1E7A4F7556}") = "C_25_9_1_使用IsDefined", "C_25_9_1_使用IsDefined\C_25_9_1_使用IsDefined.csproj", "{DA5B39F1-6F6F-44A2-B1A4-9E48B80FBFFA}"
EndProject
Project("{9A19103F-16F7-4668-BE54-9A1E7A4F7556}") = "C_25_9_2_使用GetCustomAttributes", "C_25_9_2_使用GetCustomAttributes\C_25_9_2_使用GetCustomAttributes.csproj", "{9163E383-1456-420A-B0F5-9BFA23E35CE7}"
EndProject
Project("{9A19103F-16F7-4668-BE54-9A1E7A4F7556}") = "C_21_1_非异步", "C_21_1_非异步\C_21_1_非异步.csproj", "{C1913B86-8254-496C-88E5-56AD12AD493B}"
EndProject
Project("{9A19103F-16F7-4668-BE54-9A1E7A4F7556}") = "C_21_1_异步", "C_21_1_异步\C_21_1_异步.csproj", "{37B424A0-3094-4067-A209-EB83F9D6598A}"
EndProject
Project("{9A19103F-16F7-4668-BE54-9A1E7A4F7556}") = "C_26_7_空条件运算符", "C_26_7_空条件运算符\C_26_7_空条件运算符.csproj", "{61825682-F51D-4EE2-9DBD-EFA8DF468042}"
EndProject
Project("{9A19103F-16F7-4668-BE54-9A1E7A4F7556}") = "C_21_3_1_异步方法控制流", "C_21_3_1_异步方法控制流\C_21_3_1_异步方法控制流.csproj", "{3460E515-A82D-4D43-A818-0F0D9347BDE8}"
EndProject
Project("{9A19103F-16F7-4668-BE54-9A1E7A4F7556}") = "C_21_3_1_TaskRun方法", "C_21_3_1_TaskRun方法\C_21_3_1_TaskRun方法.csproj", "{29FCA652-E1F0-457F-8C13-6FD3589DC972}"
EndProject
Project("{9A19103F-16F7-4668-BE54-9A1E7A4F7556}") = "C_21_3_2_取消一个异步操作", "C_21_3_2_取消一个异步操作\C_21_3_2_取消一个异步操作.csproj", "{312A1625-B0C3-4E12-8685-BF67D23143A3}"
EndProject
Project("{9A19103F-16F7-4668-BE54-9A1E7A4F7556}") = "C_21_3_2_await和异常处理", "C_21_3_2_await和异常处理\C_21_3_2_await和异常处理.csproj", "{D792C46C-896A-4DB0-9B3A-80E5C6032681}"
EndProject
Project("{9A19103F-16F7-4668-BE54-9A1E7A4F7556}") = "C_21_3_3_同步等待任务", "C_21_3_3_同步等待任务\C_21_3_3_同步等待任务.csproj", "{3D1400C9-E618-4563-AED2-EBD541A5F4C9}"
EndProject
Project("{9A19103F-16F7-4668-BE54-9A1E7A4F7556}") = "C_21_3_3_同步等待任务1", "C_21_3_3_同步等待任务1\C_21_3_3_同步等待任务1.csproj", "{140D0B53-525F-4239-B110-802A1E44CA8C}"
EndProject
Project("{9A19103F-16F7-4668-BE54-9A1E7A4F7556}") = "C_21_3_4_异步方法异步等待", "C_21_3_4_异步方法异步等待\C_21_3_4_异步方法异步等待.csproj", "{D96BC4D6-838D-4B14-ACA2-D3CFD37782D0}"
EndProject
Project("{9A19103F-16F7-4668-BE54-9A1E7A4F7556}") = "C_21_3_5_TaskDelay", "C_21_3_5_TaskDelay\C_21_3_5_TaskDelay.csproj", "{DB158D4A-C155-4059-8E10-03D84D110848}"
EndProject
Project("{FAE04EC0-301F-11D3-BF4B-00C04F79EFBC}") = "C_21_4_GUI异步", "C_21_4_GUI异步\C_21_4_GUI异步.csproj", "{0F9C3D3B-8362-4AA6-8AA3-902D34B16D19}"
EndProject
Project("{9A19103F-16F7-4668-BE54-9A1E7A4F7556}") = "C_21_4_TaskYield", "C_21_4_TaskYield\C_21_4_TaskYield.csproj", "{5DDDE449-41D3-493C-AB7B-A7C3C4BF5DE4}"
EndProject
Project("{FAE04EC0-301F-11D3-BF4B-00C04F79EFBC}") = "C_21_5_异步Lambda", "C_21_5_异步Lambda\C_21_5_异步Lambda.csproj", "{1521FE3F-F3E5-44EA-ADE4-A6B8EA50B515}"
EndProject
Project("{FAE04EC0-301F-11D3-BF4B-00C04F79EFBC}") = "C_21_6_1_完整的GUI示例", "C_21_6_1_完整的GUI示例\C_21_6_1_完整的GUI示例.csproj", "{82B1D921-5927-440D-985C-D9EC3BE427BB}"
EndProject
Project("{FAE04EC0-301F-11D3-BF4B-00C04F79EFBC}") = "C_21_7_BackgroundWorkerTest", "C_21_7_BackgroundWorkerTest\C_21_7_BackgroundWorkerTest.csproj", "{9C5FB25D-00BD-4C2A-ACCF-FAA502178FD8}"
EndProject
Project("{FAE04EC0-301F-11D3-BF4B-00C04F79EFBC}") = "C_21_8_1_parallelFor", "C_21_8_1_parallelFor\C_21_8_1_parallelFor.csproj", "{27EC25D9-6AFA-4D7A-923E-07196DEC9A91}"
EndProject
Project("{FAE04EC0-301F-11D3-BF4B-00C04F79EFBC}") = "C_21_10_1_等待直到完成", "C_21_10_1_等待直到完成\C_21_10_1_等待直到完成.csproj", "{745F28E7-51B7-4EF9-BB2D-37FBA6C513FA}"
EndProject
Project("{FAE04EC0-301F-11D3-BF4B-00C04F79EFBC}") = "C_21_10_3_轮询模式", "C_21_10_3_轮询模式\C_21_10_3_轮询模式.csproj", "{DDDA8B00-B262-4DE6-8623-A929D880F689}"
EndProject
Project("{FAE04EC0-301F-11D3-BF4B-00C04F79EFBC}") = "C_21_10_4_回调模式", "C_21_10_4_回调模式\C_21_10_4_回调模式.csproj", "{8DE21B7C-CEF3-4585-B73B-4557D7B2BFA3}"
EndProject
Project("{FAE04EC0-301F-11D3-BF4B-00C04F79EFBC}") = "C_21_11_计时器", "C_21_11_计时器\C_21_11_计时器.csproj", "{006C61BD-7FD8-45A5-B02D-081EC1776EA3}"
EndProject
Project("{FAE04EC0-301F-11D3-BF4B-00C04F79EFBC}") = "C_15_5_触发事件", "C_15_5_触发事件\C_15_5_触发事件.csproj", "{92BEB340-3A8E-4485-9A8C-E1E850CC13CC}"
EndProject
Project("{FAE04EC0-301F-11D3-BF4B-00C04F79EFBC}") = "C_15_6_标准事件的用法", "C_15_6_标准事件的用法\C_15_6_标准事件的用法.csproj", "{FDE14618-45E9-4907-81A7-F8F7A58A45AB}"
EndProject
Project("{FAE04EC0-301F-11D3-BF4B-00C04F79EFBC}") = "C_15_6_1_扩展EventArgs来传递参数", "C_15_6_1_扩展EventArgs来传递参数\C_15_6_1_扩展EventArgs来传递参数.csproj", "{2E6B2901-167B-4BCC-9F24-317FFEE3FD8B}"
EndProject
Project("{FAE04EC0-301F-11D3-BF4B-00C04F79EFBC}") = "C_15_6_2_移除事件处理程序", "C_15_6_2_移除事件处理程序\C_15_6_2_移除事件处理程序.csproj", "{9D7DFDAC-FB37-4FF2-89F8-4C120D6798FD}"
EndProject
Project("{FAE04EC0-301F-11D3-BF4B-00C04F79EFBC}") = "C_26_15_is模式匹配", "C_26_15_is模式匹配\C_26_15_is模式匹配.csproj", "{93EA5D48-39F0-45AB-9F14-6C61D66464F2}"
EndProject
Project("{FAE04EC0-301F-11D3-BF4B-00C04F79EFBC}") = "C_20-6-5-使用委托参数", "C_20-6-5-使用委托参数\C_20-6-5-使用委托参数.csproj", "{7F1E84C0-A775-42C1-8B01-7125BC513066}"
EndProject
Project("{FAE04EC0-301F-11D3-BF4B-00C04F79EFBC}") = "C_20_6_6_使用Lambda表达式参数", "C_20_6_6_使用Lambda表达式参数\C_20_6_6_使用Lambda表达式参数.csproj", "{D64F262D-26D1-42B1-A555-66065FFE66C1}"
EndProject
Project("{FAE04EC0-301F-11D3-BF4B-00C04F79EFBC}") = "C_20_7_3_XML创建", "C_20_7_3_XML创建\C_20_7_3_XML创建.csproj", "{2EACEAC4-C398-44A6-86D6-9FF2DB3221D2}"
EndProject
Project("{FAE04EC0-301F-11D3-BF4B-00C04F79EFBC}") = "C_20_7_6_使用LINQ to XML的LINQ查询", "C_20_7_6_使用LINQ to XML的LINQ查询\C_20_7_6_使用LINQ to XML的LINQ查询.csproj", "{586F0155-4DB6-4DCB-B3BB-6265F7221EAA}"
EndProject
Project("{FAE04EC0-301F-11D3-BF4B-00C04F79EFBC}") = "C_26_12_集合初始化语句", "C_26_12_集合初始化语句\C_26_12_集合初始化语句.csproj", "{D3F0E826-1200-490F-BC7E-5DA4B0D86C05}"
EndProject
Project("{FAE04EC0-301F-11D3-BF4B-00C04F79EFBC}") = "C_26_12_集合初始化完整示例", "C_26_12_集合初始化完整示例\C_26_12_集合初始化完整示例.csproj", "{2325E085-0728-4A5B-9DAD-49AE6908FFA0}"
EndProject
Global
	GlobalSection(SolutionConfigurationPlatforms) = preSolution
		Debug|Any CPU = Debug|Any CPU
		Release|Any CPU = Release|Any CPU
	EndGlobalSection
	GlobalSection(ProjectConfigurationPlatforms) = postSolution
		{014E8929-D993-4AB2-983D-E0E0EFD18393}.Debug|Any CPU.ActiveCfg = Debug|Any CPU
		{014E8929-D993-4AB2-983D-E0E0EFD18393}.Debug|Any CPU.Build.0 = Debug|Any CPU
		{014E8929-D993-4AB2-983D-E0E0EFD18393}.Release|Any CPU.ActiveCfg = Release|Any CPU
		{014E8929-D993-4AB2-983D-E0E0EFD18393}.Release|Any CPU.Build.0 = Release|Any CPU
		{C6CA6C70-4EB6-4BAD-8460-F6215FC1A6BC}.Debug|Any CPU.ActiveCfg = Debug|Any CPU
		{C6CA6C70-4EB6-4BAD-8460-F6215FC1A6BC}.Debug|Any CPU.Build.0 = Debug|Any CPU
		{C6CA6C70-4EB6-4BAD-8460-F6215FC1A6BC}.Release|Any CPU.ActiveCfg = Release|Any CPU
		{C6CA6C70-4EB6-4BAD-8460-F6215FC1A6BC}.Release|Any CPU.Build.0 = Release|Any CPU
		{792AB11C-0AC3-4A0F-A569-15CFBACD6549}.Debug|Any CPU.ActiveCfg = Debug|Any CPU
		{792AB11C-0AC3-4A0F-A569-15CFBACD6549}.Debug|Any CPU.Build.0 = Debug|Any CPU
		{792AB11C-0AC3-4A0F-A569-15CFBACD6549}.Release|Any CPU.ActiveCfg = Release|Any CPU
		{792AB11C-0AC3-4A0F-A569-15CFBACD6549}.Release|Any CPU.Build.0 = Release|Any CPU
		{4AE378EF-9D2E-4EA1-AA2E-5FD4A00E5C17}.Debug|Any CPU.ActiveCfg = Debug|Any CPU
		{4AE378EF-9D2E-4EA1-AA2E-5FD4A00E5C17}.Debug|Any CPU.Build.0 = Debug|Any CPU
		{4AE378EF-9D2E-4EA1-AA2E-5FD4A00E5C17}.Release|Any CPU.ActiveCfg = Release|Any CPU
		{4AE378EF-9D2E-4EA1-AA2E-5FD4A00E5C17}.Release|Any CPU.Build.0 = Release|Any CPU
		{4352FAED-62FB-487C-9D64-9E4A6F3FB997}.Debug|Any CPU.ActiveCfg = Debug|Any CPU
		{4352FAED-62FB-487C-9D64-9E4A6F3FB997}.Debug|Any CPU.Build.0 = Debug|Any CPU
		{4352FAED-62FB-487C-9D64-9E4A6F3FB997}.Release|Any CPU.ActiveCfg = Release|Any CPU
		{4352FAED-62FB-487C-9D64-9E4A6F3FB997}.Release|Any CPU.Build.0 = Release|Any CPU
		{484FCE54-3B89-4D6E-9756-2F592B1C00DB}.Debug|Any CPU.ActiveCfg = Debug|Any CPU
		{484FCE54-3B89-4D6E-9756-2F592B1C00DB}.Debug|Any CPU.Build.0 = Debug|Any CPU
		{484FCE54-3B89-4D6E-9756-2F592B1C00DB}.Release|Any CPU.ActiveCfg = Release|Any CPU
		{484FCE54-3B89-4D6E-9756-2F592B1C00DB}.Release|Any CPU.Build.0 = Release|Any CPU
		{5CB547D3-1393-48C6-A93C-880A58A9E97F}.Debug|Any CPU.ActiveCfg = Debug|Any CPU
		{5CB547D3-1393-48C6-A93C-880A58A9E97F}.Debug|Any CPU.Build.0 = Debug|Any CPU
		{5CB547D3-1393-48C6-A93C-880A58A9E97F}.Release|Any CPU.ActiveCfg = Release|Any CPU
		{5CB547D3-1393-48C6-A93C-880A58A9E97F}.Release|Any CPU.Build.0 = Release|Any CPU
		{2ABD068C-9607-43EF-ACDC-3BCD13E80E86}.Debug|Any CPU.ActiveCfg = Debug|Any CPU
		{2ABD068C-9607-43EF-ACDC-3BCD13E80E86}.Debug|Any CPU.Build.0 = Debug|Any CPU
		{2ABD068C-9607-43EF-ACDC-3BCD13E80E86}.Release|Any CPU.ActiveCfg = Release|Any CPU
		{2ABD068C-9607-43EF-ACDC-3BCD13E80E86}.Release|Any CPU.Build.0 = Release|Any CPU
		{959981A3-6733-42FF-9243-F5A3AE409330}.Debug|Any CPU.ActiveCfg = Debug|Any CPU
		{959981A3-6733-42FF-9243-F5A3AE409330}.Debug|Any CPU.Build.0 = Debug|Any CPU
		{959981A3-6733-42FF-9243-F5A3AE409330}.Release|Any CPU.ActiveCfg = Release|Any CPU
		{959981A3-6733-42FF-9243-F5A3AE409330}.Release|Any CPU.Build.0 = Release|Any CPU
		{A0AC5763-51D9-4FA2-94F2-884707930DFB}.Debug|Any CPU.ActiveCfg = Debug|Any CPU
		{A0AC5763-51D9-4FA2-94F2-884707930DFB}.Debug|Any CPU.Build.0 = Debug|Any CPU
		{A0AC5763-51D9-4FA2-94F2-884707930DFB}.Release|Any CPU.ActiveCfg = Release|Any CPU
		{A0AC5763-51D9-4FA2-94F2-884707930DFB}.Release|Any CPU.Build.0 = Release|Any CPU
		{BBCE9819-2204-498E-88FD-E04CB364B497}.Debug|Any CPU.ActiveCfg = Debug|Any CPU
		{BBCE9819-2204-498E-88FD-E04CB364B497}.Debug|Any CPU.Build.0 = Debug|Any CPU
		{BBCE9819-2204-498E-88FD-E04CB364B497}.Release|Any CPU.ActiveCfg = Release|Any CPU
		{BBCE9819-2204-498E-88FD-E04CB364B497}.Release|Any CPU.Build.0 = Release|Any CPU
		{14A04C79-8601-4258-A5A0-2B4C2527B188}.Debug|Any CPU.ActiveCfg = Debug|Any CPU
		{14A04C79-8601-4258-A5A0-2B4C2527B188}.Debug|Any CPU.Build.0 = Debug|Any CPU
		{14A04C79-8601-4258-A5A0-2B4C2527B188}.Release|Any CPU.ActiveCfg = Release|Any CPU
		{14A04C79-8601-4258-A5A0-2B4C2527B188}.Release|Any CPU.Build.0 = Release|Any CPU
		{CD0CC245-3C8D-4900-8E41-D3AE360050D6}.Debug|Any CPU.ActiveCfg = Debug|Any CPU
		{CD0CC245-3C8D-4900-8E41-D3AE360050D6}.Debug|Any CPU.Build.0 = Debug|Any CPU
		{CD0CC245-3C8D-4900-8E41-D3AE360050D6}.Release|Any CPU.ActiveCfg = Release|Any CPU
		{CD0CC245-3C8D-4900-8E41-D3AE360050D6}.Release|Any CPU.Build.0 = Release|Any CPU
		{2F3251D8-B331-43D4-B428-D447BB641047}.Debug|Any CPU.ActiveCfg = Debug|Any CPU
		{2F3251D8-B331-43D4-B428-D447BB641047}.Debug|Any CPU.Build.0 = Debug|Any CPU
		{2F3251D8-B331-43D4-B428-D447BB641047}.Release|Any CPU.ActiveCfg = Release|Any CPU
		{2F3251D8-B331-43D4-B428-D447BB641047}.Release|Any CPU.Build.0 = Release|Any CPU
		{533C5730-105C-4C93-B3DF-EA485543F6F3}.Debug|Any CPU.ActiveCfg = Debug|Any CPU
		{533C5730-105C-4C93-B3DF-EA485543F6F3}.Debug|Any CPU.Build.0 = Debug|Any CPU
		{533C5730-105C-4C93-B3DF-EA485543F6F3}.Release|Any CPU.ActiveCfg = Release|Any CPU
		{533C5730-105C-4C93-B3DF-EA485543F6F3}.Release|Any CPU.Build.0 = Release|Any CPU
		{E7C4128E-BB2F-41C5-9CEC-A8571AE94077}.Debug|Any CPU.ActiveCfg = Debug|Any CPU
		{E7C4128E-BB2F-41C5-9CEC-A8571AE94077}.Debug|Any CPU.Build.0 = Debug|Any CPU
		{E7C4128E-BB2F-41C5-9CEC-A8571AE94077}.Release|Any CPU.ActiveCfg = Release|Any CPU
		{E7C4128E-BB2F-41C5-9CEC-A8571AE94077}.Release|Any CPU.Build.0 = Release|Any CPU
		{4B0823D9-0746-4D3F-BDD0-CAADF6737B57}.Debug|Any CPU.ActiveCfg = Debug|Any CPU
		{4B0823D9-0746-4D3F-BDD0-CAADF6737B57}.Debug|Any CPU.Build.0 = Debug|Any CPU
		{4B0823D9-0746-4D3F-BDD0-CAADF6737B57}.Release|Any CPU.ActiveCfg = Release|Any CPU
		{4B0823D9-0746-4D3F-BDD0-CAADF6737B57}.Release|Any CPU.Build.0 = Release|Any CPU
		{96D3EE70-9294-422E-9588-E34F2D12596B}.Debug|Any CPU.ActiveCfg = Debug|Any CPU
		{96D3EE70-9294-422E-9588-E34F2D12596B}.Debug|Any CPU.Build.0 = Debug|Any CPU
		{96D3EE70-9294-422E-9588-E34F2D12596B}.Release|Any CPU.ActiveCfg = Release|Any CPU
		{96D3EE70-9294-422E-9588-E34F2D12596B}.Release|Any CPU.Build.0 = Release|Any CPU
		{39236CA3-C822-403F-8AE9-E9AD1D7843CB}.Debug|Any CPU.ActiveCfg = Debug|Any CPU
		{39236CA3-C822-403F-8AE9-E9AD1D7843CB}.Debug|Any CPU.Build.0 = Debug|Any CPU
		{39236CA3-C822-403F-8AE9-E9AD1D7843CB}.Release|Any CPU.ActiveCfg = Release|Any CPU
		{39236CA3-C822-403F-8AE9-E9AD1D7843CB}.Release|Any CPU.Build.0 = Release|Any CPU
		{A8E6A438-B108-4C37-A00D-C3A8E3F65E23}.Debug|Any CPU.ActiveCfg = Debug|Any CPU
		{A8E6A438-B108-4C37-A00D-C3A8E3F65E23}.Debug|Any CPU.Build.0 = Debug|Any CPU
		{A8E6A438-B108-4C37-A00D-C3A8E3F65E23}.Release|Any CPU.ActiveCfg = Release|Any CPU
		{A8E6A438-B108-4C37-A00D-C3A8E3F65E23}.Release|Any CPU.Build.0 = Release|Any CPU
		{B449A8F7-FAC5-4329-82E6-C6E6AEE91CC0}.Debug|Any CPU.ActiveCfg = Debug|Any CPU
		{B449A8F7-FAC5-4329-82E6-C6E6AEE91CC0}.Debug|Any CPU.Build.0 = Debug|Any CPU
		{B449A8F7-FAC5-4329-82E6-C6E6AEE91CC0}.Release|Any CPU.ActiveCfg = Release|Any CPU
		{B449A8F7-FAC5-4329-82E6-C6E6AEE91CC0}.Release|Any CPU.Build.0 = Release|Any CPU
		{8195B06A-792A-4687-AA47-906A8380D39F}.Debug|Any CPU.ActiveCfg = Debug|Any CPU
		{8195B06A-792A-4687-AA47-906A8380D39F}.Debug|Any CPU.Build.0 = Debug|Any CPU
		{8195B06A-792A-4687-AA47-906A8380D39F}.Release|Any CPU.ActiveCfg = Release|Any CPU
		{8195B06A-792A-4687-AA47-906A8380D39F}.Release|Any CPU.Build.0 = Release|Any CPU
		{CEE70764-4496-41AD-BDEF-50E782378751}.Debug|Any CPU.ActiveCfg = Debug|Any CPU
		{CEE70764-4496-41AD-BDEF-50E782378751}.Debug|Any CPU.Build.0 = Debug|Any CPU
		{CEE70764-4496-41AD-BDEF-50E782378751}.Release|Any CPU.ActiveCfg = Release|Any CPU
		{CEE70764-4496-41AD-BDEF-50E782378751}.Release|Any CPU.Build.0 = Release|Any CPU
		{69DECADC-21B1-4E90-AAA0-1873306C7EC9}.Debug|Any CPU.ActiveCfg = Debug|Any CPU
		{69DECADC-21B1-4E90-AAA0-1873306C7EC9}.Debug|Any CPU.Build.0 = Debug|Any CPU
		{69DECADC-21B1-4E90-AAA0-1873306C7EC9}.Release|Any CPU.ActiveCfg = Release|Any CPU
		{69DECADC-21B1-4E90-AAA0-1873306C7EC9}.Release|Any CPU.Build.0 = Release|Any CPU
		{D3669555-18C5-4C8F-B80C-444F70F65DC9}.Debug|Any CPU.ActiveCfg = Debug|Any CPU
		{D3669555-18C5-4C8F-B80C-444F70F65DC9}.Debug|Any CPU.Build.0 = Debug|Any CPU
		{D3669555-18C5-4C8F-B80C-444F70F65DC9}.Release|Any CPU.ActiveCfg = Release|Any CPU
		{D3669555-18C5-4C8F-B80C-444F70F65DC9}.Release|Any CPU.Build.0 = Release|Any CPU
		{F620E9BA-5AB5-4F13-86E8-0CA06DBAB03E}.Debug|Any CPU.ActiveCfg = Debug|Any CPU
		{F620E9BA-5AB5-4F13-86E8-0CA06DBAB03E}.Debug|Any CPU.Build.0 = Debug|Any CPU
		{F620E9BA-5AB5-4F13-86E8-0CA06DBAB03E}.Release|Any CPU.ActiveCfg = Release|Any CPU
		{F620E9BA-5AB5-4F13-86E8-0CA06DBAB03E}.Release|Any CPU.Build.0 = Release|Any CPU
		{D7B76158-FB60-44AD-9B31-74431B871F87}.Debug|Any CPU.ActiveCfg = Debug|Any CPU
		{D7B76158-FB60-44AD-9B31-74431B871F87}.Debug|Any CPU.Build.0 = Debug|Any CPU
		{D7B76158-FB60-44AD-9B31-74431B871F87}.Release|Any CPU.ActiveCfg = Release|Any CPU
		{D7B76158-FB60-44AD-9B31-74431B871F87}.Release|Any CPU.Build.0 = Release|Any CPU
		{0D0AAE07-7977-46BC-8965-4853698EF5A0}.Debug|Any CPU.ActiveCfg = Debug|Any CPU
		{0D0AAE07-7977-46BC-8965-4853698EF5A0}.Debug|Any CPU.Build.0 = Debug|Any CPU
		{0D0AAE07-7977-46BC-8965-4853698EF5A0}.Release|Any CPU.ActiveCfg = Release|Any CPU
		{0D0AAE07-7977-46BC-8965-4853698EF5A0}.Release|Any CPU.Build.0 = Release|Any CPU
		{2E04DEB3-18ED-4BC6-BAC6-D15626674BED}.Debug|Any CPU.ActiveCfg = Debug|Any CPU
		{2E04DEB3-18ED-4BC6-BAC6-D15626674BED}.Debug|Any CPU.Build.0 = Debug|Any CPU
		{2E04DEB3-18ED-4BC6-BAC6-D15626674BED}.Release|Any CPU.ActiveCfg = Release|Any CPU
		{2E04DEB3-18ED-4BC6-BAC6-D15626674BED}.Release|Any CPU.Build.0 = Release|Any CPU
		{4E21010F-2531-45B8-883D-84F9D242DCEC}.Debug|Any CPU.ActiveCfg = Debug|Any CPU
		{4E21010F-2531-45B8-883D-84F9D242DCEC}.Debug|Any CPU.Build.0 = Debug|Any CPU
		{4E21010F-2531-45B8-883D-84F9D242DCEC}.Release|Any CPU.ActiveCfg = Release|Any CPU
		{4E21010F-2531-45B8-883D-84F9D242DCEC}.Release|Any CPU.Build.0 = Release|Any CPU
		{881D36D1-530F-49BB-8EF7-92EE6EDBA299}.Debug|Any CPU.ActiveCfg = Debug|Any CPU
		{881D36D1-530F-49BB-8EF7-92EE6EDBA299}.Debug|Any CPU.Build.0 = Debug|Any CPU
		{881D36D1-530F-49BB-8EF7-92EE6EDBA299}.Release|Any CPU.ActiveCfg = Release|Any CPU
		{881D36D1-530F-49BB-8EF7-92EE6EDBA299}.Release|Any CPU.Build.0 = Release|Any CPU
		{F84408BE-6C38-4665-8130-12004F1DCB94}.Debug|Any CPU.ActiveCfg = Debug|Any CPU
		{F84408BE-6C38-4665-8130-12004F1DCB94}.Debug|Any CPU.Build.0 = Debug|Any CPU
		{F84408BE-6C38-4665-8130-12004F1DCB94}.Release|Any CPU.ActiveCfg = Release|Any CPU
		{F84408BE-6C38-4665-8130-12004F1DCB94}.Release|Any CPU.Build.0 = Release|Any CPU
		{604134EC-B0C0-489D-9859-C26CCF735D72}.Debug|Any CPU.ActiveCfg = Debug|Any CPU
		{604134EC-B0C0-489D-9859-C26CCF735D72}.Debug|Any CPU.Build.0 = Debug|Any CPU
		{604134EC-B0C0-489D-9859-C26CCF735D72}.Release|Any CPU.ActiveCfg = Release|Any CPU
		{604134EC-B0C0-489D-9859-C26CCF735D72}.Release|Any CPU.Build.0 = Release|Any CPU
		{1AE4D983-5128-4B21-84D1-86C3C204DEAD}.Debug|Any CPU.ActiveCfg = Debug|Any CPU
		{1AE4D983-5128-4B21-84D1-86C3C204DEAD}.Debug|Any CPU.Build.0 = Debug|Any CPU
		{1AE4D983-5128-4B21-84D1-86C3C204DEAD}.Release|Any CPU.ActiveCfg = Release|Any CPU
		{1AE4D983-5128-4B21-84D1-86C3C204DEAD}.Release|Any CPU.Build.0 = Release|Any CPU
		{5521D92A-9A4E-495D-BA69-E1681A4595F7}.Debug|Any CPU.ActiveCfg = Debug|Any CPU
		{5521D92A-9A4E-495D-BA69-E1681A4595F7}.Debug|Any CPU.Build.0 = Debug|Any CPU
		{5521D92A-9A4E-495D-BA69-E1681A4595F7}.Release|Any CPU.ActiveCfg = Release|Any CPU
		{5521D92A-9A4E-495D-BA69-E1681A4595F7}.Release|Any CPU.Build.0 = Release|Any CPU
		{E33CD8CD-D743-449D-91EF-3B29A3CF26E5}.Debug|Any CPU.ActiveCfg = Debug|Any CPU
		{E33CD8CD-D743-449D-91EF-3B29A3CF26E5}.Debug|Any CPU.Build.0 = Debug|Any CPU
		{E33CD8CD-D743-449D-91EF-3B29A3CF26E5}.Release|Any CPU.ActiveCfg = Release|Any CPU
		{E33CD8CD-D743-449D-91EF-3B29A3CF26E5}.Release|Any CPU.Build.0 = Release|Any CPU
		{C06A3AFF-ADD1-462C-89C4-7553600179F1}.Debug|Any CPU.ActiveCfg = Debug|Any CPU
		{C06A3AFF-ADD1-462C-89C4-7553600179F1}.Debug|Any CPU.Build.0 = Debug|Any CPU
		{C06A3AFF-ADD1-462C-89C4-7553600179F1}.Release|Any CPU.ActiveCfg = Release|Any CPU
		{C06A3AFF-ADD1-462C-89C4-7553600179F1}.Release|Any CPU.Build.0 = Release|Any CPU
		{A0C52D37-6112-4278-87BB-2DF6D61F4F06}.Debug|Any CPU.ActiveCfg = Debug|Any CPU
		{A0C52D37-6112-4278-87BB-2DF6D61F4F06}.Debug|Any CPU.Build.0 = Debug|Any CPU
		{A0C52D37-6112-4278-87BB-2DF6D61F4F06}.Release|Any CPU.ActiveCfg = Release|Any CPU
		{A0C52D37-6112-4278-87BB-2DF6D61F4F06}.Release|Any CPU.Build.0 = Release|Any CPU
		{1820C820-1490-48C0-8882-9A6A2C3860E0}.Debug|Any CPU.ActiveCfg = Debug|Any CPU
		{1820C820-1490-48C0-8882-9A6A2C3860E0}.Debug|Any CPU.Build.0 = Debug|Any CPU
		{1820C820-1490-48C0-8882-9A6A2C3860E0}.Release|Any CPU.ActiveCfg = Release|Any CPU
		{1820C820-1490-48C0-8882-9A6A2C3860E0}.Release|Any CPU.Build.0 = Release|Any CPU
		{779357C2-BD91-48D2-9056-15B58B8AA5C2}.Debug|Any CPU.ActiveCfg = Debug|Any CPU
		{779357C2-BD91-48D2-9056-15B58B8AA5C2}.Debug|Any CPU.Build.0 = Debug|Any CPU
		{779357C2-BD91-48D2-9056-15B58B8AA5C2}.Release|Any CPU.ActiveCfg = Release|Any CPU
		{779357C2-BD91-48D2-9056-15B58B8AA5C2}.Release|Any CPU.Build.0 = Release|Any CPU
		{FF66C8B4-A6BF-4513-8036-203B16D61D37}.Debug|Any CPU.ActiveCfg = Debug|Any CPU
		{FF66C8B4-A6BF-4513-8036-203B16D61D37}.Debug|Any CPU.Build.0 = Debug|Any CPU
		{FF66C8B4-A6BF-4513-8036-203B16D61D37}.Release|Any CPU.ActiveCfg = Release|Any CPU
		{FF66C8B4-A6BF-4513-8036-203B16D61D37}.Release|Any CPU.Build.0 = Release|Any CPU
		{D895633D-8A74-4A81-A9E7-3F5DC92F979D}.Debug|Any CPU.ActiveCfg = Debug|Any CPU
		{D895633D-8A74-4A81-A9E7-3F5DC92F979D}.Debug|Any CPU.Build.0 = Debug|Any CPU
		{D895633D-8A74-4A81-A9E7-3F5DC92F979D}.Release|Any CPU.ActiveCfg = Release|Any CPU
		{D895633D-8A74-4A81-A9E7-3F5DC92F979D}.Release|Any CPU.Build.0 = Release|Any CPU
		{B2AC2454-0AFF-47A4-8A3E-8DD3837BE0C7}.Debug|Any CPU.ActiveCfg = Debug|Any CPU
		{B2AC2454-0AFF-47A4-8A3E-8DD3837BE0C7}.Debug|Any CPU.Build.0 = Debug|Any CPU
		{B2AC2454-0AFF-47A4-8A3E-8DD3837BE0C7}.Release|Any CPU.ActiveCfg = Release|Any CPU
		{B2AC2454-0AFF-47A4-8A3E-8DD3837BE0C7}.Release|Any CPU.Build.0 = Release|Any CPU
		{C1435271-4B5C-45C2-849F-A8E079DCEFE2}.Debug|Any CPU.ActiveCfg = Debug|Any CPU
		{C1435271-4B5C-45C2-849F-A8E079DCEFE2}.Debug|Any CPU.Build.0 = Debug|Any CPU
		{C1435271-4B5C-45C2-849F-A8E079DCEFE2}.Release|Any CPU.ActiveCfg = Release|Any CPU
		{C1435271-4B5C-45C2-849F-A8E079DCEFE2}.Release|Any CPU.Build.0 = Release|Any CPU
		{70422D7E-6B99-4255-9AD5-483868DD61C4}.Debug|Any CPU.ActiveCfg = Debug|Any CPU
		{70422D7E-6B99-4255-9AD5-483868DD61C4}.Debug|Any CPU.Build.0 = Debug|Any CPU
		{70422D7E-6B99-4255-9AD5-483868DD61C4}.Release|Any CPU.ActiveCfg = Release|Any CPU
		{70422D7E-6B99-4255-9AD5-483868DD61C4}.Release|Any CPU.Build.0 = Release|Any CPU
		{6B33A70B-0C7E-4363-8D8B-0EFD76693650}.Debug|Any CPU.ActiveCfg = Debug|Any CPU
		{6B33A70B-0C7E-4363-8D8B-0EFD76693650}.Debug|Any CPU.Build.0 = Debug|Any CPU
		{6B33A70B-0C7E-4363-8D8B-0EFD76693650}.Release|Any CPU.ActiveCfg = Release|Any CPU
		{6B33A70B-0C7E-4363-8D8B-0EFD76693650}.Release|Any CPU.Build.0 = Release|Any CPU
		{0EED643F-A9CC-4392-9F20-B6D6D1EE5E86}.Debug|Any CPU.ActiveCfg = Debug|Any CPU
		{0EED643F-A9CC-4392-9F20-B6D6D1EE5E86}.Debug|Any CPU.Build.0 = Debug|Any CPU
		{0EED643F-A9CC-4392-9F20-B6D6D1EE5E86}.Release|Any CPU.ActiveCfg = Release|Any CPU
		{0EED643F-A9CC-4392-9F20-B6D6D1EE5E86}.Release|Any CPU.Build.0 = Release|Any CPU
		{C36D987F-74C0-4C7C-BBAB-756C7666231A}.Debug|Any CPU.ActiveCfg = Debug|Any CPU
		{C36D987F-74C0-4C7C-BBAB-756C7666231A}.Debug|Any CPU.Build.0 = Debug|Any CPU
		{C36D987F-74C0-4C7C-BBAB-756C7666231A}.Release|Any CPU.ActiveCfg = Release|Any CPU
		{C36D987F-74C0-4C7C-BBAB-756C7666231A}.Release|Any CPU.Build.0 = Release|Any CPU
		{3C0D9B5C-06C7-41A4-96A7-79FA3915E0BD}.Debug|Any CPU.ActiveCfg = Debug|Any CPU
		{3C0D9B5C-06C7-41A4-96A7-79FA3915E0BD}.Debug|Any CPU.Build.0 = Debug|Any CPU
		{3C0D9B5C-06C7-41A4-96A7-79FA3915E0BD}.Release|Any CPU.ActiveCfg = Release|Any CPU
		{3C0D9B5C-06C7-41A4-96A7-79FA3915E0BD}.Release|Any CPU.Build.0 = Release|Any CPU
		{B2C7BCC8-E36A-4FF8-BDA8-1FDB62AB7E1C}.Debug|Any CPU.ActiveCfg = Debug|Any CPU
		{B2C7BCC8-E36A-4FF8-BDA8-1FDB62AB7E1C}.Debug|Any CPU.Build.0 = Debug|Any CPU
		{B2C7BCC8-E36A-4FF8-BDA8-1FDB62AB7E1C}.Release|Any CPU.ActiveCfg = Release|Any CPU
		{B2C7BCC8-E36A-4FF8-BDA8-1FDB62AB7E1C}.Release|Any CPU.Build.0 = Release|Any CPU
		{464B4527-9773-4F20-9099-C318EAD3B845}.Debug|Any CPU.ActiveCfg = Debug|Any CPU
		{464B4527-9773-4F20-9099-C318EAD3B845}.Debug|Any CPU.Build.0 = Debug|Any CPU
		{464B4527-9773-4F20-9099-C318EAD3B845}.Release|Any CPU.ActiveCfg = Release|Any CPU
		{464B4527-9773-4F20-9099-C318EAD3B845}.Release|Any CPU.Build.0 = Release|Any CPU
		{EAADD4D0-E1FE-41FD-814A-0EBA82EF614C}.Debug|Any CPU.ActiveCfg = Debug|Any CPU
		{EAADD4D0-E1FE-41FD-814A-0EBA82EF614C}.Debug|Any CPU.Build.0 = Debug|Any CPU
		{EAADD4D0-E1FE-41FD-814A-0EBA82EF614C}.Release|Any CPU.ActiveCfg = Release|Any CPU
		{EAADD4D0-E1FE-41FD-814A-0EBA82EF614C}.Release|Any CPU.Build.0 = Release|Any CPU
		{E958F4E1-9379-402E-BF65-4DFCBC185E83}.Debug|Any CPU.ActiveCfg = Debug|Any CPU
		{E958F4E1-9379-402E-BF65-4DFCBC185E83}.Debug|Any CPU.Build.0 = Debug|Any CPU
		{E958F4E1-9379-402E-BF65-4DFCBC185E83}.Release|Any CPU.ActiveCfg = Release|Any CPU
		{E958F4E1-9379-402E-BF65-4DFCBC185E83}.Release|Any CPU.Build.0 = Release|Any CPU
		{21490C87-736C-432E-BA28-DE6DB7A65E01}.Debug|Any CPU.ActiveCfg = Debug|Any CPU
		{21490C87-736C-432E-BA28-DE6DB7A65E01}.Debug|Any CPU.Build.0 = Debug|Any CPU
		{21490C87-736C-432E-BA28-DE6DB7A65E01}.Release|Any CPU.ActiveCfg = Release|Any CPU
		{21490C87-736C-432E-BA28-DE6DB7A65E01}.Release|Any CPU.Build.0 = Release|Any CPU
		{EC310495-116D-4992-ACB8-3F014A14037F}.Debug|Any CPU.ActiveCfg = Debug|Any CPU
		{EC310495-116D-4992-ACB8-3F014A14037F}.Debug|Any CPU.Build.0 = Debug|Any CPU
		{EC310495-116D-4992-ACB8-3F014A14037F}.Release|Any CPU.ActiveCfg = Release|Any CPU
		{EC310495-116D-4992-ACB8-3F014A14037F}.Release|Any CPU.Build.0 = Release|Any CPU
		{3FCA2DB7-77AC-428F-800A-CB2D1EB87331}.Debug|Any CPU.ActiveCfg = Debug|Any CPU
		{3FCA2DB7-77AC-428F-800A-CB2D1EB87331}.Debug|Any CPU.Build.0 = Debug|Any CPU
		{3FCA2DB7-77AC-428F-800A-CB2D1EB87331}.Release|Any CPU.ActiveCfg = Release|Any CPU
		{3FCA2DB7-77AC-428F-800A-CB2D1EB87331}.Release|Any CPU.Build.0 = Release|Any CPU
		{CCBC3F00-8BB3-4874-8998-D62EF70330F0}.Debug|Any CPU.ActiveCfg = Debug|Any CPU
		{CCBC3F00-8BB3-4874-8998-D62EF70330F0}.Debug|Any CPU.Build.0 = Debug|Any CPU
		{CCBC3F00-8BB3-4874-8998-D62EF70330F0}.Release|Any CPU.ActiveCfg = Release|Any CPU
		{CCBC3F00-8BB3-4874-8998-D62EF70330F0}.Release|Any CPU.Build.0 = Release|Any CPU
		{5592B653-4A5E-46C5-BB5C-799C5D679FEF}.Debug|Any CPU.ActiveCfg = Debug|Any CPU
		{5592B653-4A5E-46C5-BB5C-799C5D679FEF}.Debug|Any CPU.Build.0 = Debug|Any CPU
		{5592B653-4A5E-46C5-BB5C-799C5D679FEF}.Release|Any CPU.ActiveCfg = Release|Any CPU
		{5592B653-4A5E-46C5-BB5C-799C5D679FEF}.Release|Any CPU.Build.0 = Release|Any CPU
		{868CB499-DC3F-4452-B678-D3ADD01027E4}.Debug|Any CPU.ActiveCfg = Debug|Any CPU
		{868CB499-DC3F-4452-B678-D3ADD01027E4}.Debug|Any CPU.Build.0 = Debug|Any CPU
		{868CB499-DC3F-4452-B678-D3ADD01027E4}.Release|Any CPU.ActiveCfg = Release|Any CPU
		{868CB499-DC3F-4452-B678-D3ADD01027E4}.Release|Any CPU.Build.0 = Release|Any CPU
		{60A05A8B-EC6C-40D9-8649-DA1D1AE5CB8F}.Debug|Any CPU.ActiveCfg = Debug|Any CPU
		{60A05A8B-EC6C-40D9-8649-DA1D1AE5CB8F}.Debug|Any CPU.Build.0 = Debug|Any CPU
		{60A05A8B-EC6C-40D9-8649-DA1D1AE5CB8F}.Release|Any CPU.ActiveCfg = Release|Any CPU
		{60A05A8B-EC6C-40D9-8649-DA1D1AE5CB8F}.Release|Any CPU.Build.0 = Release|Any CPU
		{25DA6A92-8881-4A4C-8422-8CF18AA13E44}.Debug|Any CPU.ActiveCfg = Debug|Any CPU
		{25DA6A92-8881-4A4C-8422-8CF18AA13E44}.Debug|Any CPU.Build.0 = Debug|Any CPU
		{25DA6A92-8881-4A4C-8422-8CF18AA13E44}.Release|Any CPU.ActiveCfg = Release|Any CPU
		{25DA6A92-8881-4A4C-8422-8CF18AA13E44}.Release|Any CPU.Build.0 = Release|Any CPU
		{52727535-A534-44C1-A86D-180A688F1B53}.Debug|Any CPU.ActiveCfg = Debug|Any CPU
		{52727535-A534-44C1-A86D-180A688F1B53}.Debug|Any CPU.Build.0 = Debug|Any CPU
		{52727535-A534-44C1-A86D-180A688F1B53}.Release|Any CPU.ActiveCfg = Release|Any CPU
		{52727535-A534-44C1-A86D-180A688F1B53}.Release|Any CPU.Build.0 = Release|Any CPU
		{82202513-0903-4B6B-BDE9-F1277B79042E}.Debug|Any CPU.ActiveCfg = Debug|Any CPU
		{82202513-0903-4B6B-BDE9-F1277B79042E}.Debug|Any CPU.Build.0 = Debug|Any CPU
		{82202513-0903-4B6B-BDE9-F1277B79042E}.Release|Any CPU.ActiveCfg = Release|Any CPU
		{82202513-0903-4B6B-BDE9-F1277B79042E}.Release|Any CPU.Build.0 = Release|Any CPU
		{41B6D2E3-94B1-464A-9959-66A8F7306533}.Debug|Any CPU.ActiveCfg = Debug|Any CPU
		{41B6D2E3-94B1-464A-9959-66A8F7306533}.Debug|Any CPU.Build.0 = Debug|Any CPU
		{41B6D2E3-94B1-464A-9959-66A8F7306533}.Release|Any CPU.ActiveCfg = Release|Any CPU
		{41B6D2E3-94B1-464A-9959-66A8F7306533}.Release|Any CPU.Build.0 = Release|Any CPU
		{8B4EB381-4940-4889-BA65-FB656670D953}.Debug|Any CPU.ActiveCfg = Debug|Any CPU
		{8B4EB381-4940-4889-BA65-FB656670D953}.Debug|Any CPU.Build.0 = Debug|Any CPU
		{8B4EB381-4940-4889-BA65-FB656670D953}.Release|Any CPU.ActiveCfg = Release|Any CPU
		{8B4EB381-4940-4889-BA65-FB656670D953}.Release|Any CPU.Build.0 = Release|Any CPU
		{CF7387E9-FFB1-4005-85A4-E3F377B1C084}.Debug|Any CPU.ActiveCfg = Debug|Any CPU
		{CF7387E9-FFB1-4005-85A4-E3F377B1C084}.Debug|Any CPU.Build.0 = Debug|Any CPU
		{CF7387E9-FFB1-4005-85A4-E3F377B1C084}.Release|Any CPU.ActiveCfg = Release|Any CPU
		{CF7387E9-FFB1-4005-85A4-E3F377B1C084}.Release|Any CPU.Build.0 = Release|Any CPU
		{7E52BCF1-BAE9-4548-8747-47064D23BFA5}.Debug|Any CPU.ActiveCfg = Debug|Any CPU
		{7E52BCF1-BAE9-4548-8747-47064D23BFA5}.Debug|Any CPU.Build.0 = Debug|Any CPU
		{7E52BCF1-BAE9-4548-8747-47064D23BFA5}.Release|Any CPU.ActiveCfg = Release|Any CPU
		{7E52BCF1-BAE9-4548-8747-47064D23BFA5}.Release|Any CPU.Build.0 = Release|Any CPU
		{C8772BBA-C799-41C6-A2BA-5A2453659F79}.Debug|Any CPU.ActiveCfg = Debug|Any CPU
		{C8772BBA-C799-41C6-A2BA-5A2453659F79}.Debug|Any CPU.Build.0 = Debug|Any CPU
		{C8772BBA-C799-41C6-A2BA-5A2453659F79}.Release|Any CPU.ActiveCfg = Release|Any CPU
		{C8772BBA-C799-41C6-A2BA-5A2453659F79}.Release|Any CPU.Build.0 = Release|Any CPU
		{095A63F8-325E-40E1-9D43-CD2FF05E28A2}.Debug|Any CPU.ActiveCfg = Debug|Any CPU
		{095A63F8-325E-40E1-9D43-CD2FF05E28A2}.Debug|Any CPU.Build.0 = Debug|Any CPU
		{095A63F8-325E-40E1-9D43-CD2FF05E28A2}.Release|Any CPU.ActiveCfg = Release|Any CPU
		{095A63F8-325E-40E1-9D43-CD2FF05E28A2}.Release|Any CPU.Build.0 = Release|Any CPU
		{416AFF34-2A95-4577-9CB9-C104AA94510F}.Debug|Any CPU.ActiveCfg = Debug|Any CPU
		{416AFF34-2A95-4577-9CB9-C104AA94510F}.Debug|Any CPU.Build.0 = Debug|Any CPU
		{416AFF34-2A95-4577-9CB9-C104AA94510F}.Release|Any CPU.ActiveCfg = Release|Any CPU
		{416AFF34-2A95-4577-9CB9-C104AA94510F}.Release|Any CPU.Build.0 = Release|Any CPU
		{12DEE80B-214F-41FF-8EF5-397418C1411B}.Debug|Any CPU.ActiveCfg = Debug|Any CPU
		{12DEE80B-214F-41FF-8EF5-397418C1411B}.Debug|Any CPU.Build.0 = Debug|Any CPU
		{12DEE80B-214F-41FF-8EF5-397418C1411B}.Release|Any CPU.ActiveCfg = Release|Any CPU
		{12DEE80B-214F-41FF-8EF5-397418C1411B}.Release|Any CPU.Build.0 = Release|Any CPU
		{933EA30D-1D57-4D79-8BF7-8160BAC62601}.Debug|Any CPU.ActiveCfg = Debug|Any CPU
		{933EA30D-1D57-4D79-8BF7-8160BAC62601}.Debug|Any CPU.Build.0 = Debug|Any CPU
		{933EA30D-1D57-4D79-8BF7-8160BAC62601}.Release|Any CPU.ActiveCfg = Release|Any CPU
		{933EA30D-1D57-4D79-8BF7-8160BAC62601}.Release|Any CPU.Build.0 = Release|Any CPU
		{CA1FF608-5674-46F2-A399-CE69B89E4F1F}.Debug|Any CPU.ActiveCfg = Debug|Any CPU
		{CA1FF608-5674-46F2-A399-CE69B89E4F1F}.Debug|Any CPU.Build.0 = Debug|Any CPU
		{CA1FF608-5674-46F2-A399-CE69B89E4F1F}.Release|Any CPU.ActiveCfg = Release|Any CPU
		{CA1FF608-5674-46F2-A399-CE69B89E4F1F}.Release|Any CPU.Build.0 = Release|Any CPU
		{8FCFAE3D-F064-487B-B1C5-25ABC402729F}.Debug|Any CPU.ActiveCfg = Debug|Any CPU
		{8FCFAE3D-F064-487B-B1C5-25ABC402729F}.Debug|Any CPU.Build.0 = Debug|Any CPU
		{8FCFAE3D-F064-487B-B1C5-25ABC402729F}.Release|Any CPU.ActiveCfg = Release|Any CPU
		{8FCFAE3D-F064-487B-B1C5-25ABC402729F}.Release|Any CPU.Build.0 = Release|Any CPU
		{480705BE-B2B8-4835-8B40-BA3CA3457372}.Debug|Any CPU.ActiveCfg = Debug|Any CPU
		{480705BE-B2B8-4835-8B40-BA3CA3457372}.Debug|Any CPU.Build.0 = Debug|Any CPU
		{480705BE-B2B8-4835-8B40-BA3CA3457372}.Release|Any CPU.ActiveCfg = Release|Any CPU
		{480705BE-B2B8-4835-8B40-BA3CA3457372}.Release|Any CPU.Build.0 = Release|Any CPU
		{161DA13D-3CD5-4166-B88A-B9E18D59F68C}.Debug|Any CPU.ActiveCfg = Debug|Any CPU
		{161DA13D-3CD5-4166-B88A-B9E18D59F68C}.Debug|Any CPU.Build.0 = Debug|Any CPU
		{161DA13D-3CD5-4166-B88A-B9E18D59F68C}.Release|Any CPU.ActiveCfg = Release|Any CPU
		{161DA13D-3CD5-4166-B88A-B9E18D59F68C}.Release|Any CPU.Build.0 = Release|Any CPU
		{3077545C-987E-4D05-937C-84C4DAF3F73B}.Debug|Any CPU.ActiveCfg = Debug|Any CPU
		{3077545C-987E-4D05-937C-84C4DAF3F73B}.Debug|Any CPU.Build.0 = Debug|Any CPU
		{3077545C-987E-4D05-937C-84C4DAF3F73B}.Release|Any CPU.ActiveCfg = Release|Any CPU
		{3077545C-987E-4D05-937C-84C4DAF3F73B}.Release|Any CPU.Build.0 = Release|Any CPU
		{24857853-75B5-4B2D-9C7A-C77EC2B7EC2B}.Debug|Any CPU.ActiveCfg = Debug|Any CPU
		{24857853-75B5-4B2D-9C7A-C77EC2B7EC2B}.Debug|Any CPU.Build.0 = Debug|Any CPU
		{24857853-75B5-4B2D-9C7A-C77EC2B7EC2B}.Release|Any CPU.ActiveCfg = Release|Any CPU
		{24857853-75B5-4B2D-9C7A-C77EC2B7EC2B}.Release|Any CPU.Build.0 = Release|Any CPU
		{AEC637D7-4CDC-4DBD-9E22-8D45A740EF08}.Debug|Any CPU.ActiveCfg = Debug|Any CPU
		{AEC637D7-4CDC-4DBD-9E22-8D45A740EF08}.Debug|Any CPU.Build.0 = Debug|Any CPU
		{AEC637D7-4CDC-4DBD-9E22-8D45A740EF08}.Release|Any CPU.ActiveCfg = Release|Any CPU
		{AEC637D7-4CDC-4DBD-9E22-8D45A740EF08}.Release|Any CPU.Build.0 = Release|Any CPU
		{2B6B6CA0-863C-4289-AC8D-FD06EF6633C1}.Debug|Any CPU.ActiveCfg = Debug|Any CPU
		{2B6B6CA0-863C-4289-AC8D-FD06EF6633C1}.Debug|Any CPU.Build.0 = Debug|Any CPU
		{2B6B6CA0-863C-4289-AC8D-FD06EF6633C1}.Release|Any CPU.ActiveCfg = Release|Any CPU
		{2B6B6CA0-863C-4289-AC8D-FD06EF6633C1}.Release|Any CPU.Build.0 = Release|Any CPU
		{10ACC8E5-B1F1-47DF-8C2F-8A84C01493CF}.Debug|Any CPU.ActiveCfg = Debug|Any CPU
		{10ACC8E5-B1F1-47DF-8C2F-8A84C01493CF}.Debug|Any CPU.Build.0 = Debug|Any CPU
		{10ACC8E5-B1F1-47DF-8C2F-8A84C01493CF}.Release|Any CPU.ActiveCfg = Release|Any CPU
		{10ACC8E5-B1F1-47DF-8C2F-8A84C01493CF}.Release|Any CPU.Build.0 = Release|Any CPU
		{84A771AC-DCF0-41B0-B8AB-5C6E46F9FA80}.Debug|Any CPU.ActiveCfg = Debug|Any CPU
		{84A771AC-DCF0-41B0-B8AB-5C6E46F9FA80}.Debug|Any CPU.Build.0 = Debug|Any CPU
		{84A771AC-DCF0-41B0-B8AB-5C6E46F9FA80}.Release|Any CPU.ActiveCfg = Release|Any CPU
		{84A771AC-DCF0-41B0-B8AB-5C6E46F9FA80}.Release|Any CPU.Build.0 = Release|Any CPU
		{D1C55F65-F605-4F12-B6AD-8A9BCDFD2A6B}.Debug|Any CPU.ActiveCfg = Debug|Any CPU
		{D1C55F65-F605-4F12-B6AD-8A9BCDFD2A6B}.Debug|Any CPU.Build.0 = Debug|Any CPU
		{D1C55F65-F605-4F12-B6AD-8A9BCDFD2A6B}.Release|Any CPU.ActiveCfg = Release|Any CPU
		{D1C55F65-F605-4F12-B6AD-8A9BCDFD2A6B}.Release|Any CPU.Build.0 = Release|Any CPU
		{3A72137B-DE28-4AAE-8538-0612FD8D93F7}.Debug|Any CPU.ActiveCfg = Debug|Any CPU
		{3A72137B-DE28-4AAE-8538-0612FD8D93F7}.Debug|Any CPU.Build.0 = Debug|Any CPU
		{3A72137B-DE28-4AAE-8538-0612FD8D93F7}.Release|Any CPU.ActiveCfg = Release|Any CPU
		{3A72137B-DE28-4AAE-8538-0612FD8D93F7}.Release|Any CPU.Build.0 = Release|Any CPU
		{FF975B24-6F5F-46D1-AE05-3C83EAE445B0}.Debug|Any CPU.ActiveCfg = Debug|Any CPU
		{FF975B24-6F5F-46D1-AE05-3C83EAE445B0}.Debug|Any CPU.Build.0 = Debug|Any CPU
		{FF975B24-6F5F-46D1-AE05-3C83EAE445B0}.Release|Any CPU.ActiveCfg = Release|Any CPU
		{FF975B24-6F5F-46D1-AE05-3C83EAE445B0}.Release|Any CPU.Build.0 = Release|Any CPU
		{89DFBF36-8599-4CA9-93FC-199F557FDD2A}.Debug|Any CPU.ActiveCfg = Debug|Any CPU
		{89DFBF36-8599-4CA9-93FC-199F557FDD2A}.Debug|Any CPU.Build.0 = Debug|Any CPU
		{89DFBF36-8599-4CA9-93FC-199F557FDD2A}.Release|Any CPU.ActiveCfg = Release|Any CPU
		{89DFBF36-8599-4CA9-93FC-199F557FDD2A}.Release|Any CPU.Build.0 = Release|Any CPU
		{DC13D09C-AA8F-4911-B4A3-E145237666F5}.Debug|Any CPU.ActiveCfg = Debug|Any CPU
		{DC13D09C-AA8F-4911-B4A3-E145237666F5}.Debug|Any CPU.Build.0 = Debug|Any CPU
		{DC13D09C-AA8F-4911-B4A3-E145237666F5}.Release|Any CPU.ActiveCfg = Release|Any CPU
		{DC13D09C-AA8F-4911-B4A3-E145237666F5}.Release|Any CPU.Build.0 = Release|Any CPU
		{ECD26E88-2963-4E57-8D6D-C6F7B134B43C}.Debug|Any CPU.ActiveCfg = Debug|Any CPU
		{ECD26E88-2963-4E57-8D6D-C6F7B134B43C}.Debug|Any CPU.Build.0 = Debug|Any CPU
		{ECD26E88-2963-4E57-8D6D-C6F7B134B43C}.Release|Any CPU.ActiveCfg = Release|Any CPU
		{ECD26E88-2963-4E57-8D6D-C6F7B134B43C}.Release|Any CPU.Build.0 = Release|Any CPU
		{24537077-9D28-434A-9724-F444025899F7}.Debug|Any CPU.ActiveCfg = Debug|Any CPU
		{24537077-9D28-434A-9724-F444025899F7}.Debug|Any CPU.Build.0 = Debug|Any CPU
		{24537077-9D28-434A-9724-F444025899F7}.Release|Any CPU.ActiveCfg = Release|Any CPU
		{24537077-9D28-434A-9724-F444025899F7}.Release|Any CPU.Build.0 = Release|Any CPU
		{C99568BC-1F6E-4207-BB28-4839078F688E}.Debug|Any CPU.ActiveCfg = Debug|Any CPU
		{C99568BC-1F6E-4207-BB28-4839078F688E}.Debug|Any CPU.Build.0 = Debug|Any CPU
		{C99568BC-1F6E-4207-BB28-4839078F688E}.Release|Any CPU.ActiveCfg = Release|Any CPU
		{C99568BC-1F6E-4207-BB28-4839078F688E}.Release|Any CPU.Build.0 = Release|Any CPU
		{90707FC4-F074-4FD3-8EC2-FDA80E429E57}.Debug|Any CPU.ActiveCfg = Debug|Any CPU
		{90707FC4-F074-4FD3-8EC2-FDA80E429E57}.Debug|Any CPU.Build.0 = Debug|Any CPU
		{90707FC4-F074-4FD3-8EC2-FDA80E429E57}.Release|Any CPU.ActiveCfg = Release|Any CPU
		{90707FC4-F074-4FD3-8EC2-FDA80E429E57}.Release|Any CPU.Build.0 = Release|Any CPU
		{F6999D8F-0C30-41AE-9464-9705D5C7FD1A}.Debug|Any CPU.ActiveCfg = Debug|Any CPU
		{F6999D8F-0C30-41AE-9464-9705D5C7FD1A}.Debug|Any CPU.Build.0 = Debug|Any CPU
		{F6999D8F-0C30-41AE-9464-9705D5C7FD1A}.Release|Any CPU.ActiveCfg = Release|Any CPU
		{F6999D8F-0C30-41AE-9464-9705D5C7FD1A}.Release|Any CPU.Build.0 = Release|Any CPU
		{073540B1-61A6-47C3-BFCF-5A76529D51C2}.Debug|Any CPU.ActiveCfg = Debug|Any CPU
		{073540B1-61A6-47C3-BFCF-5A76529D51C2}.Debug|Any CPU.Build.0 = Debug|Any CPU
		{073540B1-61A6-47C3-BFCF-5A76529D51C2}.Release|Any CPU.ActiveCfg = Release|Any CPU
		{073540B1-61A6-47C3-BFCF-5A76529D51C2}.Release|Any CPU.Build.0 = Release|Any CPU
		{DA5B39F1-6F6F-44A2-B1A4-9E48B80FBFFA}.Debug|Any CPU.ActiveCfg = Debug|Any CPU
		{DA5B39F1-6F6F-44A2-B1A4-9E48B80FBFFA}.Debug|Any CPU.Build.0 = Debug|Any CPU
		{DA5B39F1-6F6F-44A2-B1A4-9E48B80FBFFA}.Release|Any CPU.ActiveCfg = Release|Any CPU
		{DA5B39F1-6F6F-44A2-B1A4-9E48B80FBFFA}.Release|Any CPU.Build.0 = Release|Any CPU
		{9163E383-1456-420A-B0F5-9BFA23E35CE7}.Debug|Any CPU.ActiveCfg = Debug|Any CPU
		{9163E383-1456-420A-B0F5-9BFA23E35CE7}.Debug|Any CPU.Build.0 = Debug|Any CPU
		{9163E383-1456-420A-B0F5-9BFA23E35CE7}.Release|Any CPU.ActiveCfg = Release|Any CPU
		{9163E383-1456-420A-B0F5-9BFA23E35CE7}.Release|Any CPU.Build.0 = Release|Any CPU
		{C1913B86-8254-496C-88E5-56AD12AD493B}.Debug|Any CPU.ActiveCfg = Debug|Any CPU
		{C1913B86-8254-496C-88E5-56AD12AD493B}.Debug|Any CPU.Build.0 = Debug|Any CPU
		{C1913B86-8254-496C-88E5-56AD12AD493B}.Release|Any CPU.ActiveCfg = Release|Any CPU
		{C1913B86-8254-496C-88E5-56AD12AD493B}.Release|Any CPU.Build.0 = Release|Any CPU
		{37B424A0-3094-4067-A209-EB83F9D6598A}.Debug|Any CPU.ActiveCfg = Debug|Any CPU
		{37B424A0-3094-4067-A209-EB83F9D6598A}.Debug|Any CPU.Build.0 = Debug|Any CPU
		{37B424A0-3094-4067-A209-EB83F9D6598A}.Release|Any CPU.ActiveCfg = Release|Any CPU
		{37B424A0-3094-4067-A209-EB83F9D6598A}.Release|Any CPU.Build.0 = Release|Any CPU
		{61825682-F51D-4EE2-9DBD-EFA8DF468042}.Debug|Any CPU.ActiveCfg = Debug|Any CPU
		{61825682-F51D-4EE2-9DBD-EFA8DF468042}.Debug|Any CPU.Build.0 = Debug|Any CPU
		{61825682-F51D-4EE2-9DBD-EFA8DF468042}.Release|Any CPU.ActiveCfg = Release|Any CPU
		{61825682-F51D-4EE2-9DBD-EFA8DF468042}.Release|Any CPU.Build.0 = Release|Any CPU
		{3460E515-A82D-4D43-A818-0F0D9347BDE8}.Debug|Any CPU.ActiveCfg = Debug|Any CPU
		{3460E515-A82D-4D43-A818-0F0D9347BDE8}.Debug|Any CPU.Build.0 = Debug|Any CPU
		{3460E515-A82D-4D43-A818-0F0D9347BDE8}.Release|Any CPU.ActiveCfg = Release|Any CPU
		{3460E515-A82D-4D43-A818-0F0D9347BDE8}.Release|Any CPU.Build.0 = Release|Any CPU
		{29FCA652-E1F0-457F-8C13-6FD3589DC972}.Debug|Any CPU.ActiveCfg = Debug|Any CPU
		{29FCA652-E1F0-457F-8C13-6FD3589DC972}.Debug|Any CPU.Build.0 = Debug|Any CPU
		{29FCA652-E1F0-457F-8C13-6FD3589DC972}.Release|Any CPU.ActiveCfg = Release|Any CPU
		{29FCA652-E1F0-457F-8C13-6FD3589DC972}.Release|Any CPU.Build.0 = Release|Any CPU
		{312A1625-B0C3-4E12-8685-BF67D23143A3}.Debug|Any CPU.ActiveCfg = Debug|Any CPU
		{312A1625-B0C3-4E12-8685-BF67D23143A3}.Debug|Any CPU.Build.0 = Debug|Any CPU
		{312A1625-B0C3-4E12-8685-BF67D23143A3}.Release|Any CPU.ActiveCfg = Release|Any CPU
		{312A1625-B0C3-4E12-8685-BF67D23143A3}.Release|Any CPU.Build.0 = Release|Any CPU
		{D792C46C-896A-4DB0-9B3A-80E5C6032681}.Debug|Any CPU.ActiveCfg = Debug|Any CPU
		{D792C46C-896A-4DB0-9B3A-80E5C6032681}.Debug|Any CPU.Build.0 = Debug|Any CPU
		{D792C46C-896A-4DB0-9B3A-80E5C6032681}.Release|Any CPU.ActiveCfg = Release|Any CPU
		{D792C46C-896A-4DB0-9B3A-80E5C6032681}.Release|Any CPU.Build.0 = Release|Any CPU
		{3D1400C9-E618-4563-AED2-EBD541A5F4C9}.Debug|Any CPU.ActiveCfg = Debug|Any CPU
		{3D1400C9-E618-4563-AED2-EBD541A5F4C9}.Debug|Any CPU.Build.0 = Debug|Any CPU
		{3D1400C9-E618-4563-AED2-EBD541A5F4C9}.Release|Any CPU.ActiveCfg = Release|Any CPU
		{3D1400C9-E618-4563-AED2-EBD541A5F4C9}.Release|Any CPU.Build.0 = Release|Any CPU
		{140D0B53-525F-4239-B110-802A1E44CA8C}.Debug|Any CPU.ActiveCfg = Debug|Any CPU
		{140D0B53-525F-4239-B110-802A1E44CA8C}.Debug|Any CPU.Build.0 = Debug|Any CPU
		{140D0B53-525F-4239-B110-802A1E44CA8C}.Release|Any CPU.ActiveCfg = Release|Any CPU
		{140D0B53-525F-4239-B110-802A1E44CA8C}.Release|Any CPU.Build.0 = Release|Any CPU
		{D96BC4D6-838D-4B14-ACA2-D3CFD37782D0}.Debug|Any CPU.ActiveCfg = Debug|Any CPU
		{D96BC4D6-838D-4B14-ACA2-D3CFD37782D0}.Debug|Any CPU.Build.0 = Debug|Any CPU
		{D96BC4D6-838D-4B14-ACA2-D3CFD37782D0}.Release|Any CPU.ActiveCfg = Release|Any CPU
		{D96BC4D6-838D-4B14-ACA2-D3CFD37782D0}.Release|Any CPU.Build.0 = Release|Any CPU
		{DB158D4A-C155-4059-8E10-03D84D110848}.Debug|Any CPU.ActiveCfg = Debug|Any CPU
		{DB158D4A-C155-4059-8E10-03D84D110848}.Debug|Any CPU.Build.0 = Debug|Any CPU
		{DB158D4A-C155-4059-8E10-03D84D110848}.Release|Any CPU.ActiveCfg = Release|Any CPU
		{DB158D4A-C155-4059-8E10-03D84D110848}.Release|Any CPU.Build.0 = Release|Any CPU
		{0F9C3D3B-8362-4AA6-8AA3-902D34B16D19}.Debug|Any CPU.ActiveCfg = Debug|Any CPU
		{0F9C3D3B-8362-4AA6-8AA3-902D34B16D19}.Debug|Any CPU.Build.0 = Debug|Any CPU
		{0F9C3D3B-8362-4AA6-8AA3-902D34B16D19}.Release|Any CPU.ActiveCfg = Release|Any CPU
		{0F9C3D3B-8362-4AA6-8AA3-902D34B16D19}.Release|Any CPU.Build.0 = Release|Any CPU
		{5DDDE449-41D3-493C-AB7B-A7C3C4BF5DE4}.Debug|Any CPU.ActiveCfg = Debug|Any CPU
		{5DDDE449-41D3-493C-AB7B-A7C3C4BF5DE4}.Debug|Any CPU.Build.0 = Debug|Any CPU
		{5DDDE449-41D3-493C-AB7B-A7C3C4BF5DE4}.Release|Any CPU.ActiveCfg = Release|Any CPU
		{5DDDE449-41D3-493C-AB7B-A7C3C4BF5DE4}.Release|Any CPU.Build.0 = Release|Any CPU
		{1521FE3F-F3E5-44EA-ADE4-A6B8EA50B515}.Debug|Any CPU.ActiveCfg = Debug|Any CPU
		{1521FE3F-F3E5-44EA-ADE4-A6B8EA50B515}.Debug|Any CPU.Build.0 = Debug|Any CPU
		{1521FE3F-F3E5-44EA-ADE4-A6B8EA50B515}.Release|Any CPU.ActiveCfg = Release|Any CPU
		{1521FE3F-F3E5-44EA-ADE4-A6B8EA50B515}.Release|Any CPU.Build.0 = Release|Any CPU
		{82B1D921-5927-440D-985C-D9EC3BE427BB}.Debug|Any CPU.ActiveCfg = Debug|Any CPU
		{82B1D921-5927-440D-985C-D9EC3BE427BB}.Debug|Any CPU.Build.0 = Debug|Any CPU
		{82B1D921-5927-440D-985C-D9EC3BE427BB}.Release|Any CPU.ActiveCfg = Release|Any CPU
		{82B1D921-5927-440D-985C-D9EC3BE427BB}.Release|Any CPU.Build.0 = Release|Any CPU
		{9C5FB25D-00BD-4C2A-ACCF-FAA502178FD8}.Debug|Any CPU.ActiveCfg = Debug|Any CPU
		{9C5FB25D-00BD-4C2A-ACCF-FAA502178FD8}.Debug|Any CPU.Build.0 = Debug|Any CPU
		{9C5FB25D-00BD-4C2A-ACCF-FAA502178FD8}.Release|Any CPU.ActiveCfg = Release|Any CPU
		{9C5FB25D-00BD-4C2A-ACCF-FAA502178FD8}.Release|Any CPU.Build.0 = Release|Any CPU
		{27EC25D9-6AFA-4D7A-923E-07196DEC9A91}.Debug|Any CPU.ActiveCfg = Debug|Any CPU
		{27EC25D9-6AFA-4D7A-923E-07196DEC9A91}.Debug|Any CPU.Build.0 = Debug|Any CPU
		{27EC25D9-6AFA-4D7A-923E-07196DEC9A91}.Release|Any CPU.ActiveCfg = Release|Any CPU
		{27EC25D9-6AFA-4D7A-923E-07196DEC9A91}.Release|Any CPU.Build.0 = Release|Any CPU
		{745F28E7-51B7-4EF9-BB2D-37FBA6C513FA}.Debug|Any CPU.ActiveCfg = Debug|Any CPU
		{745F28E7-51B7-4EF9-BB2D-37FBA6C513FA}.Debug|Any CPU.Build.0 = Debug|Any CPU
		{745F28E7-51B7-4EF9-BB2D-37FBA6C513FA}.Release|Any CPU.ActiveCfg = Release|Any CPU
		{745F28E7-51B7-4EF9-BB2D-37FBA6C513FA}.Release|Any CPU.Build.0 = Release|Any CPU
		{DDDA8B00-B262-4DE6-8623-A929D880F689}.Debug|Any CPU.ActiveCfg = Debug|Any CPU
		{DDDA8B00-B262-4DE6-8623-A929D880F689}.Debug|Any CPU.Build.0 = Debug|Any CPU
		{DDDA8B00-B262-4DE6-8623-A929D880F689}.Release|Any CPU.ActiveCfg = Release|Any CPU
		{DDDA8B00-B262-4DE6-8623-A929D880F689}.Release|Any CPU.Build.0 = Release|Any CPU
		{8DE21B7C-CEF3-4585-B73B-4557D7B2BFA3}.Debug|Any CPU.ActiveCfg = Debug|Any CPU
		{8DE21B7C-CEF3-4585-B73B-4557D7B2BFA3}.Debug|Any CPU.Build.0 = Debug|Any CPU
		{8DE21B7C-CEF3-4585-B73B-4557D7B2BFA3}.Release|Any CPU.ActiveCfg = Release|Any CPU
		{8DE21B7C-CEF3-4585-B73B-4557D7B2BFA3}.Release|Any CPU.Build.0 = Release|Any CPU
		{006C61BD-7FD8-45A5-B02D-081EC1776EA3}.Debug|Any CPU.ActiveCfg = Debug|Any CPU
		{006C61BD-7FD8-45A5-B02D-081EC1776EA3}.Debug|Any CPU.Build.0 = Debug|Any CPU
		{006C61BD-7FD8-45A5-B02D-081EC1776EA3}.Release|Any CPU.ActiveCfg = Release|Any CPU
		{006C61BD-7FD8-45A5-B02D-081EC1776EA3}.Release|Any CPU.Build.0 = Release|Any CPU
		{92BEB340-3A8E-4485-9A8C-E1E850CC13CC}.Debug|Any CPU.ActiveCfg = Debug|Any CPU
		{92BEB340-3A8E-4485-9A8C-E1E850CC13CC}.Debug|Any CPU.Build.0 = Debug|Any CPU
		{92BEB340-3A8E-4485-9A8C-E1E850CC13CC}.Release|Any CPU.ActiveCfg = Release|Any CPU
		{92BEB340-3A8E-4485-9A8C-E1E850CC13CC}.Release|Any CPU.Build.0 = Release|Any CPU
		{FDE14618-45E9-4907-81A7-F8F7A58A45AB}.Debug|Any CPU.ActiveCfg = Debug|Any CPU
		{FDE14618-45E9-4907-81A7-F8F7A58A45AB}.Debug|Any CPU.Build.0 = Debug|Any CPU
		{FDE14618-45E9-4907-81A7-F8F7A58A45AB}.Release|Any CPU.ActiveCfg = Release|Any CPU
		{FDE14618-45E9-4907-81A7-F8F7A58A45AB}.Release|Any CPU.Build.0 = Release|Any CPU
		{2E6B2901-167B-4BCC-9F24-317FFEE3FD8B}.Debug|Any CPU.ActiveCfg = Debug|Any CPU
		{2E6B2901-167B-4BCC-9F24-317FFEE3FD8B}.Debug|Any CPU.Build.0 = Debug|Any CPU
		{2E6B2901-167B-4BCC-9F24-317FFEE3FD8B}.Release|Any CPU.ActiveCfg = Release|Any CPU
		{2E6B2901-167B-4BCC-9F24-317FFEE3FD8B}.Release|Any CPU.Build.0 = Release|Any CPU
		{9D7DFDAC-FB37-4FF2-89F8-4C120D6798FD}.Debug|Any CPU.ActiveCfg = Debug|Any CPU
		{9D7DFDAC-FB37-4FF2-89F8-4C120D6798FD}.Debug|Any CPU.Build.0 = Debug|Any CPU
		{9D7DFDAC-FB37-4FF2-89F8-4C120D6798FD}.Release|Any CPU.ActiveCfg = Release|Any CPU
		{9D7DFDAC-FB37-4FF2-89F8-4C120D6798FD}.Release|Any CPU.Build.0 = Release|Any CPU
		{93EA5D48-39F0-45AB-9F14-6C61D66464F2}.Debug|Any CPU.ActiveCfg = Debug|Any CPU
		{93EA5D48-39F0-45AB-9F14-6C61D66464F2}.Debug|Any CPU.Build.0 = Debug|Any CPU
		{93EA5D48-39F0-45AB-9F14-6C61D66464F2}.Release|Any CPU.ActiveCfg = Release|Any CPU
		{93EA5D48-39F0-45AB-9F14-6C61D66464F2}.Release|Any CPU.Build.0 = Release|Any CPU
		{7F1E84C0-A775-42C1-8B01-7125BC513066}.Debug|Any CPU.ActiveCfg = Debug|Any CPU
		{7F1E84C0-A775-42C1-8B01-7125BC513066}.Debug|Any CPU.Build.0 = Debug|Any CPU
		{7F1E84C0-A775-42C1-8B01-7125BC513066}.Release|Any CPU.ActiveCfg = Release|Any CPU
		{7F1E84C0-A775-42C1-8B01-7125BC513066}.Release|Any CPU.Build.0 = Release|Any CPU
		{D64F262D-26D1-42B1-A555-66065FFE66C1}.Debug|Any CPU.ActiveCfg = Debug|Any CPU
		{D64F262D-26D1-42B1-A555-66065FFE66C1}.Debug|Any CPU.Build.0 = Debug|Any CPU
		{D64F262D-26D1-42B1-A555-66065FFE66C1}.Release|Any CPU.ActiveCfg = Release|Any CPU
		{D64F262D-26D1-42B1-A555-66065FFE66C1}.Release|Any CPU.Build.0 = Release|Any CPU
		{2EACEAC4-C398-44A6-86D6-9FF2DB3221D2}.Debug|Any CPU.ActiveCfg = Debug|Any CPU
		{2EACEAC4-C398-44A6-86D6-9FF2DB3221D2}.Debug|Any CPU.Build.0 = Debug|Any CPU
		{2EACEAC4-C398-44A6-86D6-9FF2DB3221D2}.Release|Any CPU.ActiveCfg = Release|Any CPU
		{2EACEAC4-C398-44A6-86D6-9FF2DB3221D2}.Release|Any CPU.Build.0 = Release|Any CPU
		{586F0155-4DB6-4DCB-B3BB-6265F7221EAA}.Debug|Any CPU.ActiveCfg = Debug|Any CPU
		{586F0155-4DB6-4DCB-B3BB-6265F7221EAA}.Debug|Any CPU.Build.0 = Debug|Any CPU
		{586F0155-4DB6-4DCB-B3BB-6265F7221EAA}.Release|Any CPU.ActiveCfg = Release|Any CPU
		{586F0155-4DB6-4DCB-B3BB-6265F7221EAA}.Release|Any CPU.Build.0 = Release|Any CPU
		{D3F0E826-1200-490F-BC7E-5DA4B0D86C05}.Debug|Any CPU.ActiveCfg = Debug|Any CPU
		{D3F0E826-1200-490F-BC7E-5DA4B0D86C05}.Debug|Any CPU.Build.0 = Debug|Any CPU
		{D3F0E826-1200-490F-BC7E-5DA4B0D86C05}.Release|Any CPU.ActiveCfg = Release|Any CPU
		{D3F0E826-1200-490F-BC7E-5DA4B0D86C05}.Release|Any CPU.Build.0 = Release|Any CPU
		{2325E085-0728-4A5B-9DAD-49AE6908FFA0}.Debug|Any CPU.ActiveCfg = Debug|Any CPU
		{2325E085-0728-4A5B-9DAD-49AE6908FFA0}.Debug|Any CPU.Build.0 = Debug|Any CPU
		{2325E085-0728-4A5B-9DAD-49AE6908FFA0}.Release|Any CPU.ActiveCfg = Release|Any CPU
		{2325E085-0728-4A5B-9DAD-49AE6908FFA0}.Release|Any CPU.Build.0 = Release|Any CPU
	EndGlobalSection
	GlobalSection(SolutionProperties) = preSolution
		HideSolutionNode = FALSE
	EndGlobalSection
	GlobalSection(ExtensibilityGlobals) = postSolution
		SolutionGuid = {DF8FE57B-ECD7-4DFD-8BFF-C98E0168B622}
	EndGlobalSection
EndGlobal
